// !$*UTF8*$!
{
	archiveVersion = 1;
	classes = {
	};
	objectVersion = 46;
	objects = {

/* Begin PBXBuildFile section */
		1F06C036181A1D780017FDB4 /* JKSCollectionMapper.m in Sources */ = {isa = PBXBuildFile; fileRef = 1F06C035181A1D780017FDB4 /* JKSCollectionMapper.m */; };
		1F06C037181A1D780017FDB4 /* JKSCollectionMapper.m in Sources */ = {isa = PBXBuildFile; fileRef = 1F06C035181A1D780017FDB4 /* JKSCollectionMapper.m */; };
		1F06C038181A1D780017FDB4 /* JKSCollectionMapper.m in Sources */ = {isa = PBXBuildFile; fileRef = 1F06C035181A1D780017FDB4 /* JKSCollectionMapper.m */; };
		1F06C03B181A24950017FDB4 /* JKSRelationMapper.m in Sources */ = {isa = PBXBuildFile; fileRef = 1F06C03A181A24950017FDB4 /* JKSRelationMapper.m */; };
		1F06C03C181A24950017FDB4 /* JKSRelationMapper.m in Sources */ = {isa = PBXBuildFile; fileRef = 1F06C03A181A24950017FDB4 /* JKSRelationMapper.m */; };
		1F06C03D181A24950017FDB4 /* JKSRelationMapper.m in Sources */ = {isa = PBXBuildFile; fileRef = 1F06C03A181A24950017FDB4 /* JKSRelationMapper.m */; };
		1F0A845D183B120D00EAA4E0 /* JKSDateMapper.m in Sources */ = {isa = PBXBuildFile; fileRef = 1F0A845C183B120D00EAA4E0 /* JKSDateMapper.m */; };
		1F0A845E183B120D00EAA4E0 /* JKSDateMapper.m in Sources */ = {isa = PBXBuildFile; fileRef = 1F0A845C183B120D00EAA4E0 /* JKSDateMapper.m */; };
		1F0A845F183B120D00EAA4E0 /* JKSDateMapper.m in Sources */ = {isa = PBXBuildFile; fileRef = 1F0A845C183B120D00EAA4E0 /* JKSDateMapper.m */; };
		1F0A8461183B127300EAA4E0 /* JKSDateMapperSpec.mm in Sources */ = {isa = PBXBuildFile; fileRef = 1F0A8460183B127300EAA4E0 /* JKSDateMapperSpec.mm */; };
		1F0A8462183B127300EAA4E0 /* JKSDateMapperSpec.mm in Sources */ = {isa = PBXBuildFile; fileRef = 1F0A8460183B127300EAA4E0 /* JKSDateMapperSpec.mm */; };
		1F0A8465183B1EA000EAA4E0 /* JKSNumberMapper.m in Sources */ = {isa = PBXBuildFile; fileRef = 1F0A8464183B1EA000EAA4E0 /* JKSNumberMapper.m */; };
		1F0A8466183B1EA000EAA4E0 /* JKSNumberMapper.m in Sources */ = {isa = PBXBuildFile; fileRef = 1F0A8464183B1EA000EAA4E0 /* JKSNumberMapper.m */; };
		1F0A8467183B1EA000EAA4E0 /* JKSNumberMapper.m in Sources */ = {isa = PBXBuildFile; fileRef = 1F0A8464183B1EA000EAA4E0 /* JKSNumberMapper.m */; };
		1F0A8469183B1EAB00EAA4E0 /* JKSNumberMapperSpec.mm in Sources */ = {isa = PBXBuildFile; fileRef = 1F0A8468183B1EAB00EAA4E0 /* JKSNumberMapperSpec.mm */; };
		1F0A846A183B1EAB00EAA4E0 /* JKSNumberMapperSpec.mm in Sources */ = {isa = PBXBuildFile; fileRef = 1F0A8468183B1EAB00EAA4E0 /* JKSNumberMapperSpec.mm */; };
		1F0A846D183B32F300EAA4E0 /* JKSEnumMapper.m in Sources */ = {isa = PBXBuildFile; fileRef = 1F0A846C183B32F300EAA4E0 /* JKSEnumMapper.m */; };
		1F0A846E183B32F300EAA4E0 /* JKSEnumMapper.m in Sources */ = {isa = PBXBuildFile; fileRef = 1F0A846C183B32F300EAA4E0 /* JKSEnumMapper.m */; };
		1F0A846F183B32F300EAA4E0 /* JKSEnumMapper.m in Sources */ = {isa = PBXBuildFile; fileRef = 1F0A846C183B32F300EAA4E0 /* JKSEnumMapper.m */; };
		1F1E3F73180392ED00801509 /* Foundation.framework in Frameworks */ = {isa = PBXBuildFile; fileRef = 1F1E3F72180392ED00801509 /* Foundation.framework */; };
		1F1E3F78180392ED00801509 /* JKSKVCMapper.h in CopyFiles */ = {isa = PBXBuildFile; fileRef = 1F1E3F77180392ED00801509 /* JKSKVCMapper.h */; };
		1F1E3F7A180392ED00801509 /* JKSKVCMapper.m in Sources */ = {isa = PBXBuildFile; fileRef = 1F1E3F79180392ED00801509 /* JKSKVCMapper.m */; };
		1F1E3F9E1803931D00801509 /* Foundation.framework in Frameworks */ = {isa = PBXBuildFile; fileRef = 1F1E3F72180392ED00801509 /* Foundation.framework */; };
		1F1E3FA01803931D00801509 /* CoreGraphics.framework in Frameworks */ = {isa = PBXBuildFile; fileRef = 1F1E3F9F1803931D00801509 /* CoreGraphics.framework */; };
		1F1E3FA61803931D00801509 /* InfoPlist.strings in Resources */ = {isa = PBXBuildFile; fileRef = 1F1E3FA41803931D00801509 /* InfoPlist.strings */; };
		1F1E3FA81803931D00801509 /* main.m in Sources */ = {isa = PBXBuildFile; fileRef = 1F1E3FA71803931D00801509 /* main.m */; };
		1F1E3FB31803933700801509 /* JKSKVCMapperSpec.mm in Sources */ = {isa = PBXBuildFile; fileRef = 1F1E3FB21803933700801509 /* JKSKVCMapperSpec.mm */; settings = {COMPILER_FLAGS = "-fno-objc-arc"; }; };
		1F1E3FB41803935900801509 /* JKSKVCMapper.m in Sources */ = {isa = PBXBuildFile; fileRef = 1F1E3F79180392ED00801509 /* JKSKVCMapper.m */; };
		1F1E3FBA1803966400801509 /* JKSPerson.m in Sources */ = {isa = PBXBuildFile; fileRef = 1F1E3FB91803966400801509 /* JKSPerson.m */; };
		1F1E3FC91804EC4F00801509 /* main.m in Sources */ = {isa = PBXBuildFile; fileRef = 1F1E3FC81804EC4F00801509 /* main.m */; };
		1F1E3FCF1804EC5C00801509 /* JKSKVCMapperSpec.mm in Sources */ = {isa = PBXBuildFile; fileRef = 1F1E3FB21803933700801509 /* JKSKVCMapperSpec.mm */; settings = {COMPILER_FLAGS = "-fno-objc-arc"; }; };
		1F1E3FD01804EC5E00801509 /* JKSPerson.m in Sources */ = {isa = PBXBuildFile; fileRef = 1F1E3FB91803966400801509 /* JKSPerson.m */; };
		1F1E3FD11804EC6000801509 /* JKSKVCMapper.m in Sources */ = {isa = PBXBuildFile; fileRef = 1F1E3F79180392ED00801509 /* JKSKVCMapper.m */; };
		1F3D815C1883CDC2006C0CC4 /* JKSObjectFactory.m in Sources */ = {isa = PBXBuildFile; fileRef = 1F3D815B1883CDC2006C0CC4 /* JKSObjectFactory.m */; };
		1F3D815D1883CDC2006C0CC4 /* JKSObjectFactory.m in Sources */ = {isa = PBXBuildFile; fileRef = 1F3D815B1883CDC2006C0CC4 /* JKSObjectFactory.m */; };
		1F3D815E1883CDC2006C0CC4 /* JKSObjectFactory.m in Sources */ = {isa = PBXBuildFile; fileRef = 1F3D815B1883CDC2006C0CC4 /* JKSObjectFactory.m */; };
		1FA99484183B49FA001E9F2E /* libCedar-StaticLib.a in Frameworks */ = {isa = PBXBuildFile; fileRef = 1F0A8485183B48DD00EAA4E0 /* libCedar-StaticLib.a */; };
		1FA9948A183B4A20001E9F2E /* Foundation.framework in Frameworks */ = {isa = PBXBuildFile; fileRef = 1FA99489183B4A20001E9F2E /* Foundation.framework */; };
		1FA994A4183C97A8001E9F2E /* JKSBase.h in CopyFiles */ = {isa = PBXBuildFile; fileRef = 1F06C040181A2DC90017FDB4 /* JKSBase.h */; };
		1FA994A7183C97A8001E9F2E /* JKSCollectionMapper.h in CopyFiles */ = {isa = PBXBuildFile; fileRef = 1F06C034181A1D780017FDB4 /* JKSCollectionMapper.h */; };
		1FA994A8183C97A8001E9F2E /* JKSRelationMapper.h in CopyFiles */ = {isa = PBXBuildFile; fileRef = 1F06C039181A24950017FDB4 /* JKSRelationMapper.h */; };
		1FA994A9183C97A8001E9F2E /* JKSDateMapper.h in CopyFiles */ = {isa = PBXBuildFile; fileRef = 1F0A845B183B120D00EAA4E0 /* JKSDateMapper.h */; };
		1FA994AA183C97A8001E9F2E /* JKSNumberMapper.h in CopyFiles */ = {isa = PBXBuildFile; fileRef = 1F0A8463183B1EA000EAA4E0 /* JKSNumberMapper.h */; };
		1FA994AB183C97A8001E9F2E /* JKSEnumMapper.h in CopyFiles */ = {isa = PBXBuildFile; fileRef = 1F0A846B183B32F300EAA4E0 /* JKSEnumMapper.h */; };
		1FA994C8183CA9EF001E9F2E /* Cedar.framework in Frameworks */ = {isa = PBXBuildFile; fileRef = 1FA994B8183CA3B3001E9F2E /* Cedar.framework */; };
		1FB0F6541883DADF00120ABC /* JKSEnumMapperSpec.mm in Sources */ = {isa = PBXBuildFile; fileRef = 1FB0F6531883DADF00120ABC /* JKSEnumMapperSpec.mm */; };
		1FB0F6551883DADF00120ABC /* JKSEnumMapperSpec.mm in Sources */ = {isa = PBXBuildFile; fileRef = 1FB0F6531883DADF00120ABC /* JKSEnumMapperSpec.mm */; };
		1FB0F6611883DCDD00120ABC /* JKSError.m in Sources */ = {isa = PBXBuildFile; fileRef = 1FB0F6601883DCDD00120ABC /* JKSError.m */; };
		1FB0F6621883DCDD00120ABC /* JKSError.m in Sources */ = {isa = PBXBuildFile; fileRef = 1FB0F6601883DCDD00120ABC /* JKSError.m */; };
		1FB0F6631883DCDD00120ABC /* JKSError.m in Sources */ = {isa = PBXBuildFile; fileRef = 1FB0F6601883DCDD00120ABC /* JKSError.m */; };
		1FDAC11A18121F6900846B44 /* JKSClassInspector.m in Sources */ = {isa = PBXBuildFile; fileRef = 1FDAC11718121F6900846B44 /* JKSClassInspector.m */; };
		1FDAC11B18121F6900846B44 /* JKSClassInspector.m in Sources */ = {isa = PBXBuildFile; fileRef = 1FDAC11718121F6900846B44 /* JKSClassInspector.m */; };
		1FDAC11C18121F6900846B44 /* JKSClassInspector.m in Sources */ = {isa = PBXBuildFile; fileRef = 1FDAC11718121F6900846B44 /* JKSClassInspector.m */; };
		1FDAC11D18121F6900846B44 /* JKSProperty.m in Sources */ = {isa = PBXBuildFile; fileRef = 1FDAC11918121F6900846B44 /* JKSProperty.m */; };
		1FDAC11E18121F6900846B44 /* JKSProperty.m in Sources */ = {isa = PBXBuildFile; fileRef = 1FDAC11918121F6900846B44 /* JKSProperty.m */; };
		1FDAC11F18121F6900846B44 /* JKSProperty.m in Sources */ = {isa = PBXBuildFile; fileRef = 1FDAC11918121F6900846B44 /* JKSProperty.m */; };
		1FFE003D180B6478007BD0FA /* JKSSerialization.m in Sources */ = {isa = PBXBuildFile; fileRef = 1FFE003C180B6478007BD0FA /* JKSSerialization.m */; };
		1FFE003E180B6478007BD0FA /* JKSSerialization.m in Sources */ = {isa = PBXBuildFile; fileRef = 1FFE003C180B6478007BD0FA /* JKSSerialization.m */; };
		1FFE003F180B6478007BD0FA /* JKSSerialization.m in Sources */ = {isa = PBXBuildFile; fileRef = 1FFE003C180B6478007BD0FA /* JKSSerialization.m */; };
/* End PBXBuildFile section */

/* Begin PBXContainerItemProxy section */
		1F0A847E183B48DD00EAA4E0 /* PBXContainerItemProxy */ = {
			isa = PBXContainerItemProxy;
			containerPortal = 1F0A8471183B48DC00EAA4E0 /* Cedar.xcodeproj */;
			proxyType = 2;
			remoteGlobalIDString = AEEE1FB611DC271300029872;
			remoteInfo = Cedar;
		};
		1F0A8480183B48DD00EAA4E0 /* PBXContainerItemProxy */ = {
			isa = PBXContainerItemProxy;
			containerPortal = 1F0A8471183B48DC00EAA4E0 /* Cedar.xcodeproj */;
			proxyType = 2;
			remoteGlobalIDString = AEEE218611DC28E200029872;
			remoteInfo = Specs;
		};
		1F0A8482183B48DD00EAA4E0 /* PBXContainerItemProxy */ = {
			isa = PBXContainerItemProxy;
			containerPortal = 1F0A8471183B48DC00EAA4E0 /* Cedar.xcodeproj */;
			proxyType = 2;
			remoteGlobalIDString = 96A07F0813F276640021974D;
			remoteInfo = FocusedSpecs;
		};
		1F0A8484183B48DD00EAA4E0 /* PBXContainerItemProxy */ = {
			isa = PBXContainerItemProxy;
			containerPortal = 1F0A8471183B48DC00EAA4E0 /* Cedar.xcodeproj */;
			proxyType = 2;
			remoteGlobalIDString = AEEE222911DC2B0600029872;
			remoteInfo = "Cedar-StaticLib";
		};
		1F0A8486183B48DD00EAA4E0 /* PBXContainerItemProxy */ = {
			isa = PBXContainerItemProxy;
			containerPortal = 1F0A8471183B48DC00EAA4E0 /* Cedar.xcodeproj */;
			proxyType = 2;
			remoteGlobalIDString = AEEE227611DC2CF900029872;
			remoteInfo = iOSSpecs;
		};
		1F0A8488183B48DD00EAA4E0 /* PBXContainerItemProxy */ = {
			isa = PBXContainerItemProxy;
			containerPortal = 1F0A8471183B48DC00EAA4E0 /* Cedar.xcodeproj */;
			proxyType = 2;
			remoteGlobalIDString = 96B5F9F6144A81A7000A6A5D;
			remoteInfo = OCUnitApp;
		};
		1F0A848A183B48DD00EAA4E0 /* PBXContainerItemProxy */ = {
			isa = PBXContainerItemProxy;
			containerPortal = 1F0A8471183B48DC00EAA4E0 /* Cedar.xcodeproj */;
			proxyType = 2;
			remoteGlobalIDString = 96B5FA11144A81A8000A6A5D;
			remoteInfo = OCUnitAppTests;
		};
		1F0A848C183B48DD00EAA4E0 /* PBXContainerItemProxy */ = {
			isa = PBXContainerItemProxy;
			containerPortal = 1F0A8471183B48DC00EAA4E0 /* Cedar.xcodeproj */;
			proxyType = 2;
			remoteGlobalIDString = 1F45A3DD180E4796003C1E36;
			remoteInfo = XCUnitAppTests;
		};
		1F0A848E183B48DD00EAA4E0 /* PBXContainerItemProxy */ = {
			isa = PBXContainerItemProxy;
			containerPortal = 1F0A8471183B48DC00EAA4E0 /* Cedar.xcodeproj */;
			proxyType = 2;
			remoteGlobalIDString = 96158A86144A915E005895CE;
			remoteInfo = OCUnitAppLogicTests;
		};
		1F3D81601883CDC3006C0CC4 /* PBXContainerItemProxy */ = {
			isa = PBXContainerItemProxy;
			containerPortal = 1F0A8471183B48DC00EAA4E0 /* Cedar.xcodeproj */;
			proxyType = 2;
			remoteGlobalIDString = AE02E7E4184EABCD00414F19;
			remoteInfo = iOSFrameworkSpecs;
		};
		1FA9947F183B4920001E9F2E /* PBXContainerItemProxy */ = {
			isa = PBXContainerItemProxy;
			containerPortal = 1F0A8471183B48DC00EAA4E0 /* Cedar.xcodeproj */;
			proxyType = 1;
			remoteGlobalIDString = AEEE222811DC2B0600029872;
			remoteInfo = "Cedar-StaticLib";
		};
		1FA994C9183CA9F2001E9F2E /* PBXContainerItemProxy */ = {
			isa = PBXContainerItemProxy;
			containerPortal = 1F0A8471183B48DC00EAA4E0 /* Cedar.xcodeproj */;
			proxyType = 1;
			remoteGlobalIDString = AEEE1FB511DC271300029872;
			remoteInfo = Cedar;
		};
/* End PBXContainerItemProxy section */

/* Begin PBXCopyFilesBuildPhase section */
		1F1E3F6D180392ED00801509 /* CopyFiles */ = {
			isa = PBXCopyFilesBuildPhase;
			buildActionMask = 2147483647;
			dstPath = "include/$(PRODUCT_NAME)";
			dstSubfolderSpec = 16;
			files = (
				1FA994A4183C97A8001E9F2E /* JKSBase.h in CopyFiles */,
				1FA994A7183C97A8001E9F2E /* JKSCollectionMapper.h in CopyFiles */,
				1FA994A8183C97A8001E9F2E /* JKSRelationMapper.h in CopyFiles */,
				1FA994A9183C97A8001E9F2E /* JKSDateMapper.h in CopyFiles */,
				1FA994AA183C97A8001E9F2E /* JKSNumberMapper.h in CopyFiles */,
				1FA994AB183C97A8001E9F2E /* JKSEnumMapper.h in CopyFiles */,
				1F1E3F78180392ED00801509 /* JKSKVCMapper.h in CopyFiles */,
			);
			runOnlyForDeploymentPostprocessing = 0;
		};
/* End PBXCopyFilesBuildPhase section */

/* Begin PBXFileReference section */
		1F06C034181A1D780017FDB4 /* JKSCollectionMapper.h */ = {isa = PBXFileReference; fileEncoding = 4; lastKnownFileType = sourcecode.c.h; path = JKSCollectionMapper.h; sourceTree = "<group>"; };
		1F06C035181A1D780017FDB4 /* JKSCollectionMapper.m */ = {isa = PBXFileReference; fileEncoding = 4; lastKnownFileType = sourcecode.c.objc; path = JKSCollectionMapper.m; sourceTree = "<group>"; };
		1F06C039181A24950017FDB4 /* JKSRelationMapper.h */ = {isa = PBXFileReference; fileEncoding = 4; lastKnownFileType = sourcecode.c.h; path = JKSRelationMapper.h; sourceTree = "<group>"; };
		1F06C03A181A24950017FDB4 /* JKSRelationMapper.m */ = {isa = PBXFileReference; fileEncoding = 4; lastKnownFileType = sourcecode.c.objc; path = JKSRelationMapper.m; sourceTree = "<group>"; };
		1F06C040181A2DC90017FDB4 /* JKSBase.h */ = {isa = PBXFileReference; lastKnownFileType = sourcecode.c.h; path = JKSBase.h; sourceTree = "<group>"; };
		1F0A845B183B120D00EAA4E0 /* JKSDateMapper.h */ = {isa = PBXFileReference; fileEncoding = 4; lastKnownFileType = sourcecode.c.h; path = JKSDateMapper.h; sourceTree = "<group>"; };
		1F0A845C183B120D00EAA4E0 /* JKSDateMapper.m */ = {isa = PBXFileReference; fileEncoding = 4; lastKnownFileType = sourcecode.c.objc; path = JKSDateMapper.m; sourceTree = "<group>"; };
		1F0A8460183B127300EAA4E0 /* JKSDateMapperSpec.mm */ = {isa = PBXFileReference; fileEncoding = 4; lastKnownFileType = sourcecode.cpp.objcpp; path = JKSDateMapperSpec.mm; sourceTree = "<group>"; };
		1F0A8463183B1EA000EAA4E0 /* JKSNumberMapper.h */ = {isa = PBXFileReference; fileEncoding = 4; lastKnownFileType = sourcecode.c.h; path = JKSNumberMapper.h; sourceTree = "<group>"; };
		1F0A8464183B1EA000EAA4E0 /* JKSNumberMapper.m */ = {isa = PBXFileReference; fileEncoding = 4; lastKnownFileType = sourcecode.c.objc; path = JKSNumberMapper.m; sourceTree = "<group>"; };
		1F0A8468183B1EAB00EAA4E0 /* JKSNumberMapperSpec.mm */ = {isa = PBXFileReference; fileEncoding = 4; lastKnownFileType = sourcecode.cpp.objcpp; path = JKSNumberMapperSpec.mm; sourceTree = "<group>"; };
		1F0A846B183B32F300EAA4E0 /* JKSEnumMapper.h */ = {isa = PBXFileReference; fileEncoding = 4; lastKnownFileType = sourcecode.c.h; path = JKSEnumMapper.h; sourceTree = "<group>"; };
		1F0A846C183B32F300EAA4E0 /* JKSEnumMapper.m */ = {isa = PBXFileReference; fileEncoding = 4; lastKnownFileType = sourcecode.c.objc; path = JKSEnumMapper.m; sourceTree = "<group>"; };
		1F0A8471183B48DC00EAA4E0 /* Cedar.xcodeproj */ = {isa = PBXFileReference; lastKnownFileType = "wrapper.pb-project"; name = Cedar.xcodeproj; path = cedar/Cedar.xcodeproj; sourceTree = "<group>"; };
		1F1E3F6F180392ED00801509 /* libJKSSerializer.a */ = {isa = PBXFileReference; explicitFileType = archive.ar; includeInIndex = 0; path = libJKSSerializer.a; sourceTree = BUILT_PRODUCTS_DIR; };
		1F1E3F72180392ED00801509 /* Foundation.framework */ = {isa = PBXFileReference; lastKnownFileType = wrapper.framework; name = Foundation.framework; path = System/Library/Frameworks/Foundation.framework; sourceTree = SDKROOT; };
		1F1E3F76180392ED00801509 /* JKSSerializer-Prefix.pch */ = {isa = PBXFileReference; lastKnownFileType = sourcecode.c.h; path = "JKSSerializer-Prefix.pch"; sourceTree = "<group>"; };
		1F1E3F77180392ED00801509 /* JKSKVCMapper.h */ = {isa = PBXFileReference; lastKnownFileType = sourcecode.c.h; path = JKSKVCMapper.h; sourceTree = "<group>"; };
		1F1E3F79180392ED00801509 /* JKSKVCMapper.m */ = {isa = PBXFileReference; lastKnownFileType = sourcecode.c.objc; path = JKSKVCMapper.m; sourceTree = "<group>"; };
		1F1E3F9C1803931D00801509 /* Specs.app */ = {isa = PBXFileReference; explicitFileType = wrapper.application; includeInIndex = 0; path = Specs.app; sourceTree = BUILT_PRODUCTS_DIR; };
		1F1E3F9F1803931D00801509 /* CoreGraphics.framework */ = {isa = PBXFileReference; lastKnownFileType = wrapper.framework; name = CoreGraphics.framework; path = System/Library/Frameworks/CoreGraphics.framework; sourceTree = SDKROOT; };
		1F1E3FA31803931D00801509 /* Specs-Info.plist */ = {isa = PBXFileReference; lastKnownFileType = text.plist.xml; path = "Specs-Info.plist"; sourceTree = "<group>"; };
		1F1E3FA51803931D00801509 /* en */ = {isa = PBXFileReference; lastKnownFileType = text.plist.strings; name = en; path = en.lproj/InfoPlist.strings; sourceTree = "<group>"; };
		1F1E3FA71803931D00801509 /* main.m */ = {isa = PBXFileReference; lastKnownFileType = sourcecode.c.objc; path = main.m; sourceTree = "<group>"; };
		1F1E3FA91803931D00801509 /* Specs-Prefix.pch */ = {isa = PBXFileReference; lastKnownFileType = sourcecode.c.h; path = "Specs-Prefix.pch"; sourceTree = "<group>"; };
		1F1E3FAA1803931D00801509 /* Rakefile */ = {isa = PBXFileReference; lastKnownFileType = text; path = Rakefile; sourceTree = "<group>"; };
		1F1E3FB21803933700801509 /* JKSKVCMapperSpec.mm */ = {isa = PBXFileReference; fileEncoding = 4; lastKnownFileType = sourcecode.cpp.objcpp; path = JKSKVCMapperSpec.mm; sourceTree = "<group>"; };
		1F1E3FB81803966400801509 /* JKSPerson.h */ = {isa = PBXFileReference; fileEncoding = 4; lastKnownFileType = sourcecode.c.h; path = JKSPerson.h; sourceTree = "<group>"; };
		1F1E3FB91803966400801509 /* JKSPerson.m */ = {isa = PBXFileReference; fileEncoding = 4; lastKnownFileType = sourcecode.c.objc; path = JKSPerson.m; sourceTree = "<group>"; };
		1F1E3FC01804EC4E00801509 /* OSXSpecs */ = {isa = PBXFileReference; explicitFileType = "compiled.mach-o.executable"; includeInIndex = 0; path = OSXSpecs; sourceTree = BUILT_PRODUCTS_DIR; };
		1F1E3FC31804EC4E00801509 /* Rakefile */ = {isa = PBXFileReference; lastKnownFileType = text; path = Rakefile; sourceTree = "<group>"; };
		1F1E3FC51804EC4E00801509 /* OSXSpecs-Prefix.pch */ = {isa = PBXFileReference; lastKnownFileType = sourcecode.c.h; path = "OSXSpecs-Prefix.pch"; sourceTree = "<group>"; };
		1F1E3FC81804EC4F00801509 /* main.m */ = {isa = PBXFileReference; lastKnownFileType = sourcecode.c.objc; path = main.m; sourceTree = "<group>"; };
		1F3D813F1883A632006C0CC4 /* JKSSerializer.h */ = {isa = PBXFileReference; lastKnownFileType = sourcecode.c.h; path = JKSSerializer.h; sourceTree = "<group>"; };
		1F3D815A1883CDC2006C0CC4 /* JKSObjectFactory.h */ = {isa = PBXFileReference; fileEncoding = 4; lastKnownFileType = sourcecode.c.h; path = JKSObjectFactory.h; sourceTree = "<group>"; };
		1F3D815B1883CDC2006C0CC4 /* JKSObjectFactory.m */ = {isa = PBXFileReference; fileEncoding = 4; lastKnownFileType = sourcecode.c.objc; path = JKSObjectFactory.m; sourceTree = "<group>"; };
		1FA99489183B4A20001E9F2E /* Foundation.framework */ = {isa = PBXFileReference; lastKnownFileType = wrapper.framework; name = Foundation.framework; path = Platforms/MacOSX.platform/Developer/SDKs/MacOSX10.8.sdk/System/Library/Frameworks/Foundation.framework; sourceTree = DEVELOPER_DIR; };
		1FA994B8183CA3B3001E9F2E /* Cedar.framework */ = {isa = PBXFileReference; lastKnownFileType = wrapper.framework; name = Cedar.framework; path = ../../DerivedData/Nimbus/Build/Products/Debug/Cedar.framework; sourceTree = "<group>"; };
		1FB0F6531883DADF00120ABC /* JKSEnumMapperSpec.mm */ = {isa = PBXFileReference; fileEncoding = 4; lastKnownFileType = sourcecode.cpp.objcpp; path = JKSEnumMapperSpec.mm; sourceTree = "<group>"; };
		1FB0F65F1883DCDD00120ABC /* JKSError.h */ = {isa = PBXFileReference; fileEncoding = 4; lastKnownFileType = sourcecode.c.h; path = JKSError.h; sourceTree = "<group>"; };
		1FB0F6601883DCDD00120ABC /* JKSError.m */ = {isa = PBXFileReference; fileEncoding = 4; lastKnownFileType = sourcecode.c.objc; path = JKSError.m; sourceTree = "<group>"; };
		1FDAC11618121F6900846B44 /* JKSClassInspector.h */ = {isa = PBXFileReference; fileEncoding = 4; lastKnownFileType = sourcecode.c.h; path = JKSClassInspector.h; sourceTree = "<group>"; };
		1FDAC11718121F6900846B44 /* JKSClassInspector.m */ = {isa = PBXFileReference; fileEncoding = 4; lastKnownFileType = sourcecode.c.objc; path = JKSClassInspector.m; sourceTree = "<group>"; };
		1FDAC11818121F6900846B44 /* JKSProperty.h */ = {isa = PBXFileReference; fileEncoding = 4; lastKnownFileType = sourcecode.c.h; path = JKSProperty.h; sourceTree = "<group>"; };
		1FDAC11918121F6900846B44 /* JKSProperty.m */ = {isa = PBXFileReference; fileEncoding = 4; lastKnownFileType = sourcecode.c.objc; path = JKSProperty.m; sourceTree = "<group>"; };
		1FFE003B180B6478007BD0FA /* JKSSerialization.h */ = {isa = PBXFileReference; fileEncoding = 4; lastKnownFileType = sourcecode.c.h; path = JKSSerialization.h; sourceTree = "<group>"; };
		1FFE003C180B6478007BD0FA /* JKSSerialization.m */ = {isa = PBXFileReference; fileEncoding = 4; lastKnownFileType = sourcecode.c.objc; path = JKSSerialization.m; sourceTree = "<group>"; };
		31B731028171F729BC114806 /* JKSMapper.h */ = {isa = PBXFileReference; fileEncoding = 4; lastKnownFileType = sourcecode.c.h; path = JKSMapper.h; sourceTree = "<group>"; };
		31B7314A9F17579EDBBBD04D /* JKSFactory.h */ = {isa = PBXFileReference; fileEncoding = 4; lastKnownFileType = sourcecode.c.h; path = JKSFactory.h; sourceTree = "<group>"; };
/* End PBXFileReference section */

/* Begin PBXFrameworksBuildPhase section */
		1F1E3F6C180392ED00801509 /* Frameworks */ = {
			isa = PBXFrameworksBuildPhase;
			buildActionMask = 2147483647;
			files = (
				1F1E3F73180392ED00801509 /* Foundation.framework in Frameworks */,
			);
			runOnlyForDeploymentPostprocessing = 0;
		};
		1F1E3F991803931D00801509 /* Frameworks */ = {
			isa = PBXFrameworksBuildPhase;
			buildActionMask = 2147483647;
			files = (
				1FA99484183B49FA001E9F2E /* libCedar-StaticLib.a in Frameworks */,
				1F1E3FA01803931D00801509 /* CoreGraphics.framework in Frameworks */,
				1F1E3F9E1803931D00801509 /* Foundation.framework in Frameworks */,
			);
			runOnlyForDeploymentPostprocessing = 0;
		};
		1F1E3FBE1804EC4E00801509 /* Frameworks */ = {
			isa = PBXFrameworksBuildPhase;
			buildActionMask = 2147483647;
			files = (
				1FA994C8183CA9EF001E9F2E /* Cedar.framework in Frameworks */,
				1FA9948A183B4A20001E9F2E /* Foundation.framework in Frameworks */,
			);
			runOnlyForDeploymentPostprocessing = 0;
		};
/* End PBXFrameworksBuildPhase section */

/* Begin PBXGroup section */
		1F0A8470183B48B100EAA4E0 /* Externals */ = {
			isa = PBXGroup;
			children = (
				1F0A8471183B48DC00EAA4E0 /* Cedar.xcodeproj */,
			);
			path = Externals;
			sourceTree = "<group>";
		};
		1F0A8472183B48DC00EAA4E0 /* Products */ = {
			isa = PBXGroup;
			children = (
				1F0A847F183B48DD00EAA4E0 /* Cedar.framework */,
				1F0A8481183B48DD00EAA4E0 /* Specs */,
				1F0A8483183B48DD00EAA4E0 /* FocusedSpecs */,
				1F0A8485183B48DD00EAA4E0 /* libCedar-StaticLib.a */,
				1F0A8487183B48DD00EAA4E0 /* iOSSpecs.app */,
				1F3D81611883CDC3006C0CC4 /* iOSFrameworkSpecs.app */,
				1F0A8489183B48DD00EAA4E0 /* OCUnitApp.app */,
				1F0A848B183B48DD00EAA4E0 /* OCUnitAppTests.octest */,
				1F0A848D183B48DD00EAA4E0 /* XCUnitAppTests.xctest */,
				1F0A848F183B48DD00EAA4E0 /* OCUnitAppLogicTests.octest */,
			);
			name = Products;
			sourceTree = "<group>";
		};
		1F1E3F66180392ED00801509 = {
			isa = PBXGroup;
			children = (
				1F0A8470183B48B100EAA4E0 /* Externals */,
				1F1E3F74180392ED00801509 /* JKSSerializer */,
				1F1E3FA11803931D00801509 /* Specs */,
				1F1E3FC21804EC4E00801509 /* OSXSpecs */,
				1F1E3F71180392ED00801509 /* Frameworks */,
				1F1E3F70180392ED00801509 /* Products */,
			);
			sourceTree = "<group>";
		};
		1F1E3F70180392ED00801509 /* Products */ = {
			isa = PBXGroup;
			children = (
				1F1E3F6F180392ED00801509 /* libJKSSerializer.a */,
				1F1E3F9C1803931D00801509 /* Specs.app */,
				1F1E3FC01804EC4E00801509 /* OSXSpecs */,
			);
			name = Products;
			sourceTree = "<group>";
		};
		1F1E3F71180392ED00801509 /* Frameworks */ = {
			isa = PBXGroup;
			children = (
				1FA994B8183CA3B3001E9F2E /* Cedar.framework */,
				1FA99489183B4A20001E9F2E /* Foundation.framework */,
				1F1E3F72180392ED00801509 /* Foundation.framework */,
				1F1E3F9F1803931D00801509 /* CoreGraphics.framework */,
			);
			name = Frameworks;
			sourceTree = "<group>";
		};
		1F1E3F74180392ED00801509 /* JKSSerializer */ = {
			isa = PBXGroup;
			children = (
				1FFE000A180A3539007BD0FA /* Private */,
				1F1E3FB51803959100801509 /* Public */,
				1F1E3F75180392ED00801509 /* Supporting Files */,
			);
			path = JKSSerializer;
			sourceTree = "<group>";
		};
		1F1E3F75180392ED00801509 /* Supporting Files */ = {
			isa = PBXGroup;
			children = (
				1F1E3F76180392ED00801509 /* JKSSerializer-Prefix.pch */,
			);
			name = "Supporting Files";
			sourceTree = "<group>";
		};
		1F1E3FA11803931D00801509 /* Specs */ = {
			isa = PBXGroup;
			children = (
				1F1E3FB71803962D00801509 /* Helpers */,
				1F1E3FB61803959700801509 /* Public */,
				1F1E3FAA1803931D00801509 /* Rakefile */,
				1F1E3FA21803931D00801509 /* Supporting Files */,
			);
			path = Specs;
			sourceTree = "<group>";
		};
		1F1E3FA21803931D00801509 /* Supporting Files */ = {
			isa = PBXGroup;
			children = (
				1F1E3FA31803931D00801509 /* Specs-Info.plist */,
				1F1E3FA41803931D00801509 /* InfoPlist.strings */,
				1F1E3FA71803931D00801509 /* main.m */,
				1F1E3FA91803931D00801509 /* Specs-Prefix.pch */,
			);
			name = "Supporting Files";
			sourceTree = "<group>";
		};
		1F1E3FB51803959100801509 /* Public */ = {
			isa = PBXGroup;
			children = (
				1F06C040181A2DC90017FDB4 /* JKSBase.h */,
				1F1E3F77180392ED00801509 /* JKSKVCMapper.h */,
				1F1E3F79180392ED00801509 /* JKSKVCMapper.m */,
				1F06C034181A1D780017FDB4 /* JKSCollectionMapper.h */,
				1F06C035181A1D780017FDB4 /* JKSCollectionMapper.m */,
				1F06C039181A24950017FDB4 /* JKSRelationMapper.h */,
				1F06C03A181A24950017FDB4 /* JKSRelationMapper.m */,
				1F0A845B183B120D00EAA4E0 /* JKSDateMapper.h */,
				1F0A845C183B120D00EAA4E0 /* JKSDateMapper.m */,
				1F0A8463183B1EA000EAA4E0 /* JKSNumberMapper.h */,
				1F0A8464183B1EA000EAA4E0 /* JKSNumberMapper.m */,
				1F0A846B183B32F300EAA4E0 /* JKSEnumMapper.h */,
				1F0A846C183B32F300EAA4E0 /* JKSEnumMapper.m */,
				1F3D813F1883A632006C0CC4 /* JKSSerializer.h */,
				31B7314A9F17579EDBBBD04D /* JKSFactory.h */,
				31B731028171F729BC114806 /* JKSMapper.h */,
				1F3D815A1883CDC2006C0CC4 /* JKSObjectFactory.h */,
				1F3D815B1883CDC2006C0CC4 /* JKSObjectFactory.m */,
				1FB0F65F1883DCDD00120ABC /* JKSError.h */,
				1FB0F6601883DCDD00120ABC /* JKSError.m */,
			);
			path = Public;
			sourceTree = "<group>";
		};
		1F1E3FB61803959700801509 /* Public */ = {
			isa = PBXGroup;
			children = (
				1F1E3FB21803933700801509 /* JKSKVCMapperSpec.mm */,
				1F0A8460183B127300EAA4E0 /* JKSDateMapperSpec.mm */,
				1F0A8468183B1EAB00EAA4E0 /* JKSNumberMapperSpec.mm */,
				1FB0F6531883DADF00120ABC /* JKSEnumMapperSpec.mm */,
			);
			path = Public;
			sourceTree = "<group>";
		};
		1F1E3FB71803962D00801509 /* Helpers */ = {
			isa = PBXGroup;
			children = (
				1F1E3FB81803966400801509 /* JKSPerson.h */,
				1F1E3FB91803966400801509 /* JKSPerson.m */,
			);
			path = Helpers;
			sourceTree = "<group>";
		};
		1F1E3FC21804EC4E00801509 /* OSXSpecs */ = {
			isa = PBXGroup;
			children = (
				1F1E3FC31804EC4E00801509 /* Rakefile */,
				1F1E3FC81804EC4F00801509 /* main.m */,
				1F1E3FC41804EC4E00801509 /* Supporting Files */,
			);
			path = OSXSpecs;
			sourceTree = "<group>";
		};
		1F1E3FC41804EC4E00801509 /* Supporting Files */ = {
			isa = PBXGroup;
			children = (
				1F1E3FC51804EC4E00801509 /* OSXSpecs-Prefix.pch */,
			);
			name = "Supporting Files";
			sourceTree = "<group>";
		};
		1FFE000A180A3539007BD0FA /* Private */ = {
			isa = PBXGroup;
			children = (
				1FDAC11618121F6900846B44 /* JKSClassInspector.h */,
				1FDAC11718121F6900846B44 /* JKSClassInspector.m */,
				1FDAC11818121F6900846B44 /* JKSProperty.h */,
				1FDAC11918121F6900846B44 /* JKSProperty.m */,
				1FFE003B180B6478007BD0FA /* JKSSerialization.h */,
				1FFE003C180B6478007BD0FA /* JKSSerialization.m */,
			);
			path = Private;
			sourceTree = "<group>";
		};
/* End PBXGroup section */

/* Begin PBXNativeTarget section */
		1F1E3F6E180392ED00801509 /* JKSSerializer */ = {
			isa = PBXNativeTarget;
			buildConfigurationList = 1F1E3F92180392ED00801509 /* Build configuration list for PBXNativeTarget "JKSSerializer" */;
			buildPhases = (
				1F1E3F6B180392ED00801509 /* Sources */,
				1F1E3F6C180392ED00801509 /* Frameworks */,
				1F1E3F6D180392ED00801509 /* CopyFiles */,
			);
			buildRules = (
			);
			dependencies = (
			);
			name = JKSSerializer;
			productName = JKSSerializer;
			productReference = 1F1E3F6F180392ED00801509 /* libJKSSerializer.a */;
			productType = "com.apple.product-type.library.static";
		};
		1F1E3F9B1803931D00801509 /* Specs */ = {
			isa = PBXNativeTarget;
			buildConfigurationList = 1F1E3FAF1803931D00801509 /* Build configuration list for PBXNativeTarget "Specs" */;
			buildPhases = (
				1F1E3F981803931D00801509 /* Sources */,
				1F1E3F991803931D00801509 /* Frameworks */,
				1F1E3F9A1803931D00801509 /* Resources */,
			);
			buildRules = (
			);
			dependencies = (
				1FA99480183B4920001E9F2E /* PBXTargetDependency */,
			);
			name = Specs;
			productName = Specs;
			productReference = 1F1E3F9C1803931D00801509 /* Specs.app */;
			productType = "com.apple.product-type.application";
		};
		1F1E3FBF1804EC4E00801509 /* OSXSpecs */ = {
			isa = PBXNativeTarget;
			buildConfigurationList = 1F1E3FCC1804EC4F00801509 /* Build configuration list for PBXNativeTarget "OSXSpecs" */;
			buildPhases = (
				1F1E3FBD1804EC4E00801509 /* Sources */,
				1F1E3FBE1804EC4E00801509 /* Frameworks */,
			);
			buildRules = (
			);
			dependencies = (
				1FA994CA183CA9F2001E9F2E /* PBXTargetDependency */,
			);
			name = OSXSpecs;
			productName = OSXSpecs;
			productReference = 1F1E3FC01804EC4E00801509 /* OSXSpecs */;
			productType = "com.apple.product-type.tool";
		};
/* End PBXNativeTarget section */

/* Begin PBXProject section */
		1F1E3F67180392ED00801509 /* Project object */ = {
			isa = PBXProject;
			attributes = {
				LastUpgradeCheck = 0500;
				ORGANIZATIONNAME = "Jeff Hui";
			};
			buildConfigurationList = 1F1E3F6A180392ED00801509 /* Build configuration list for PBXProject "JKSSerializer" */;
			compatibilityVersion = "Xcode 3.2";
			developmentRegion = English;
			hasScannedForEncodings = 0;
			knownRegions = (
				en,
			);
			mainGroup = 1F1E3F66180392ED00801509;
			productRefGroup = 1F1E3F70180392ED00801509 /* Products */;
			projectDirPath = "";
			projectReferences = (
				{
					ProductGroup = 1F0A8472183B48DC00EAA4E0 /* Products */;
					ProjectRef = 1F0A8471183B48DC00EAA4E0 /* Cedar.xcodeproj */;
				},
			);
			projectRoot = "";
			targets = (
				1F1E3F6E180392ED00801509 /* JKSSerializer */,
				1F1E3F9B1803931D00801509 /* Specs */,
				1F1E3FBF1804EC4E00801509 /* OSXSpecs */,
			);
		};
/* End PBXProject section */

/* Begin PBXReferenceProxy section */
		1F0A847F183B48DD00EAA4E0 /* Cedar.framework */ = {
			isa = PBXReferenceProxy;
			fileType = wrapper.framework;
			path = Cedar.framework;
			remoteRef = 1F0A847E183B48DD00EAA4E0 /* PBXContainerItemProxy */;
			sourceTree = BUILT_PRODUCTS_DIR;
		};
		1F0A8481183B48DD00EAA4E0 /* Specs */ = {
			isa = PBXReferenceProxy;
			fileType = "compiled.mach-o.executable";
			path = Specs;
			remoteRef = 1F0A8480183B48DD00EAA4E0 /* PBXContainerItemProxy */;
			sourceTree = BUILT_PRODUCTS_DIR;
		};
		1F0A8483183B48DD00EAA4E0 /* FocusedSpecs */ = {
			isa = PBXReferenceProxy;
			fileType = "compiled.mach-o.executable";
			path = FocusedSpecs;
			remoteRef = 1F0A8482183B48DD00EAA4E0 /* PBXContainerItemProxy */;
			sourceTree = BUILT_PRODUCTS_DIR;
		};
		1F0A8485183B48DD00EAA4E0 /* libCedar-StaticLib.a */ = {
			isa = PBXReferenceProxy;
			fileType = archive.ar;
			path = "libCedar-StaticLib.a";
			remoteRef = 1F0A8484183B48DD00EAA4E0 /* PBXContainerItemProxy */;
			sourceTree = BUILT_PRODUCTS_DIR;
		};
		1F0A8487183B48DD00EAA4E0 /* iOSSpecs.app */ = {
			isa = PBXReferenceProxy;
			fileType = wrapper.application;
			path = iOSSpecs.app;
			remoteRef = 1F0A8486183B48DD00EAA4E0 /* PBXContainerItemProxy */;
			sourceTree = BUILT_PRODUCTS_DIR;
		};
		1F0A8489183B48DD00EAA4E0 /* OCUnitApp.app */ = {
			isa = PBXReferenceProxy;
			fileType = wrapper.application;
			path = OCUnitApp.app;
			remoteRef = 1F0A8488183B48DD00EAA4E0 /* PBXContainerItemProxy */;
			sourceTree = BUILT_PRODUCTS_DIR;
		};
		1F0A848B183B48DD00EAA4E0 /* OCUnitAppTests.octest */ = {
			isa = PBXReferenceProxy;
			fileType = wrapper.cfbundle;
			path = OCUnitAppTests.octest;
			remoteRef = 1F0A848A183B48DD00EAA4E0 /* PBXContainerItemProxy */;
			sourceTree = BUILT_PRODUCTS_DIR;
		};
		1F0A848D183B48DD00EAA4E0 /* XCUnitAppTests.xctest */ = {
			isa = PBXReferenceProxy;
			fileType = wrapper.cfbundle;
			path = XCUnitAppTests.xctest;
			remoteRef = 1F0A848C183B48DD00EAA4E0 /* PBXContainerItemProxy */;
			sourceTree = BUILT_PRODUCTS_DIR;
		};
		1F0A848F183B48DD00EAA4E0 /* OCUnitAppLogicTests.octest */ = {
			isa = PBXReferenceProxy;
			fileType = wrapper.cfbundle;
			path = OCUnitAppLogicTests.octest;
			remoteRef = 1F0A848E183B48DD00EAA4E0 /* PBXContainerItemProxy */;
			sourceTree = BUILT_PRODUCTS_DIR;
		};
		1F3D81611883CDC3006C0CC4 /* iOSFrameworkSpecs.app */ = {
			isa = PBXReferenceProxy;
			fileType = wrapper.application;
			path = iOSFrameworkSpecs.app;
			remoteRef = 1F3D81601883CDC3006C0CC4 /* PBXContainerItemProxy */;
			sourceTree = BUILT_PRODUCTS_DIR;
		};
/* End PBXReferenceProxy section */

/* Begin PBXResourcesBuildPhase section */
		1F1E3F9A1803931D00801509 /* Resources */ = {
			isa = PBXResourcesBuildPhase;
			buildActionMask = 2147483647;
			files = (
				1F1E3FA61803931D00801509 /* InfoPlist.strings in Resources */,
			);
			runOnlyForDeploymentPostprocessing = 0;
		};
/* End PBXResourcesBuildPhase section */

/* Begin PBXSourcesBuildPhase section */
		1F1E3F6B180392ED00801509 /* Sources */ = {
			isa = PBXSourcesBuildPhase;
			buildActionMask = 2147483647;
			files = (
				1F3D815C1883CDC2006C0CC4 /* JKSObjectFactory.m in Sources */,
				1F0A845D183B120D00EAA4E0 /* JKSDateMapper.m in Sources */,
				1FDAC11D18121F6900846B44 /* JKSProperty.m in Sources */,
				1F0A846D183B32F300EAA4E0 /* JKSEnumMapper.m in Sources */,
				1F0A8465183B1EA000EAA4E0 /* JKSNumberMapper.m in Sources */,
				1F1E3F7A180392ED00801509 /* JKSKVCMapper.m in Sources */,
				1FB0F6611883DCDD00120ABC /* JKSError.m in Sources */,
				1FFE003D180B6478007BD0FA /* JKSSerialization.m in Sources */,
				1F06C03B181A24950017FDB4 /* JKSRelationMapper.m in Sources */,
				1F06C036181A1D780017FDB4 /* JKSCollectionMapper.m in Sources */,
				1FDAC11A18121F6900846B44 /* JKSClassInspector.m in Sources */,
			);
			runOnlyForDeploymentPostprocessing = 0;
		};
		1F1E3F981803931D00801509 /* Sources */ = {
			isa = PBXSourcesBuildPhase;
			buildActionMask = 2147483647;
			files = (
				1F1E3FA81803931D00801509 /* main.m in Sources */,
				1F1E3FBA1803966400801509 /* JKSPerson.m in Sources */,
				1FDAC11B18121F6900846B44 /* JKSClassInspector.m in Sources */,
				1F06C03C181A24950017FDB4 /* JKSRelationMapper.m in Sources */,
				1FB0F6621883DCDD00120ABC /* JKSError.m in Sources */,
				1F0A8469183B1EAB00EAA4E0 /* JKSNumberMapperSpec.mm in Sources */,
				1F3D815D1883CDC2006C0CC4 /* JKSObjectFactory.m in Sources */,
				1F1E3FB41803935900801509 /* JKSKVCMapper.m in Sources */,
				1FFE003E180B6478007BD0FA /* JKSSerialization.m in Sources */,
				1F1E3FB31803933700801509 /* JKSKVCMapperSpec.mm in Sources */,
				1FB0F6541883DADF00120ABC /* JKSEnumMapperSpec.mm in Sources */,
				1F06C037181A1D780017FDB4 /* JKSCollectionMapper.m in Sources */,
				1F0A846E183B32F300EAA4E0 /* JKSEnumMapper.m in Sources */,
				1F0A8461183B127300EAA4E0 /* JKSDateMapperSpec.mm in Sources */,
				1FDAC11E18121F6900846B44 /* JKSProperty.m in Sources */,
				1F0A8466183B1EA000EAA4E0 /* JKSNumberMapper.m in Sources */,
				1F0A845E183B120D00EAA4E0 /* JKSDateMapper.m in Sources */,
			);
			runOnlyForDeploymentPostprocessing = 0;
		};
		1F1E3FBD1804EC4E00801509 /* Sources */ = {
			isa = PBXSourcesBuildPhase;
			buildActionMask = 2147483647;
			files = (
				1F1E3FC91804EC4F00801509 /* main.m in Sources */,
				1F1E3FD01804EC5E00801509 /* JKSPerson.m in Sources */,
				1FDAC11C18121F6900846B44 /* JKSClassInspector.m in Sources */,
				1F06C03D181A24950017FDB4 /* JKSRelationMapper.m in Sources */,
				1FB0F6631883DCDD00120ABC /* JKSError.m in Sources */,
				1F0A846A183B1EAB00EAA4E0 /* JKSNumberMapperSpec.mm in Sources */,
				1F3D815E1883CDC2006C0CC4 /* JKSObjectFactory.m in Sources */,
				1F1E3FD11804EC6000801509 /* JKSKVCMapper.m in Sources */,
				1FFE003F180B6478007BD0FA /* JKSSerialization.m in Sources */,
				1F1E3FCF1804EC5C00801509 /* JKSKVCMapperSpec.mm in Sources */,
				1FB0F6551883DADF00120ABC /* JKSEnumMapperSpec.mm in Sources */,
				1F06C038181A1D780017FDB4 /* JKSCollectionMapper.m in Sources */,
				1F0A846F183B32F300EAA4E0 /* JKSEnumMapper.m in Sources */,
				1F0A8462183B127300EAA4E0 /* JKSDateMapperSpec.mm in Sources */,
				1FDAC11F18121F6900846B44 /* JKSProperty.m in Sources */,
				1F0A8467183B1EA000EAA4E0 /* JKSNumberMapper.m in Sources */,
				1F0A845F183B120D00EAA4E0 /* JKSDateMapper.m in Sources */,
			);
			runOnlyForDeploymentPostprocessing = 0;
		};
/* End PBXSourcesBuildPhase section */

/* Begin PBXTargetDependency section */
		1FA99480183B4920001E9F2E /* PBXTargetDependency */ = {
			isa = PBXTargetDependency;
			name = "Cedar-StaticLib";
			targetProxy = 1FA9947F183B4920001E9F2E /* PBXContainerItemProxy */;
		};
		1FA994CA183CA9F2001E9F2E /* PBXTargetDependency */ = {
			isa = PBXTargetDependency;
			name = Cedar;
			targetProxy = 1FA994C9183CA9F2001E9F2E /* PBXContainerItemProxy */;
		};
/* End PBXTargetDependency section */

/* Begin PBXVariantGroup section */
		1F1E3FA41803931D00801509 /* InfoPlist.strings */ = {
			isa = PBXVariantGroup;
			children = (
				1F1E3FA51803931D00801509 /* en */,
			);
			name = InfoPlist.strings;
			sourceTree = "<group>";
		};
/* End PBXVariantGroup section */

/* Begin XCBuildConfiguration section */
		1F1E3F90180392ED00801509 /* Debug */ = {
			isa = XCBuildConfiguration;
			buildSettings = {
				ALWAYS_SEARCH_USER_PATHS = NO;
				ARCHS = "$(ARCHS_STANDARD_INCLUDING_64_BIT)";
				CLANG_CXX_LANGUAGE_STANDARD = "gnu++0x";
				CLANG_CXX_LIBRARY = "libc++";
				CLANG_ENABLE_MODULES = YES;
				CLANG_ENABLE_OBJC_ARC = YES;
				CLANG_WARN_BOOL_CONVERSION = YES;
				CLANG_WARN_CONSTANT_CONVERSION = YES;
				CLANG_WARN_DIRECT_OBJC_ISA_USAGE = YES_ERROR;
				CLANG_WARN_EMPTY_BODY = YES;
				CLANG_WARN_ENUM_CONVERSION = YES;
				CLANG_WARN_INT_CONVERSION = YES;
				CLANG_WARN_OBJC_ROOT_CLASS = YES_ERROR;
				CLANG_WARN__DUPLICATE_METHOD_MATCH = YES;
				COPY_PHASE_STRIP = NO;
				GCC_C_LANGUAGE_STANDARD = gnu99;
				GCC_DYNAMIC_NO_PIC = NO;
				GCC_OPTIMIZATION_LEVEL = 0;
				GCC_PREPROCESSOR_DEFINITIONS = (
					"DEBUG=1",
					"$(inherited)",
				);
				GCC_SYMBOLS_PRIVATE_EXTERN = NO;
				GCC_TREAT_WARNINGS_AS_ERRORS = YES;
				GCC_WARN_64_TO_32_BIT_CONVERSION = YES;
				GCC_WARN_ABOUT_RETURN_TYPE = YES_ERROR;
				GCC_WARN_UNDECLARED_SELECTOR = YES;
				GCC_WARN_UNINITIALIZED_AUTOS = YES;
				GCC_WARN_UNUSED_FUNCTION = YES;
				GCC_WARN_UNUSED_VARIABLE = YES;
				IPHONEOS_DEPLOYMENT_TARGET = 7.0;
				ONLY_ACTIVE_ARCH = YES;
				SDKROOT = iphoneos;
			};
			name = Debug;
		};
		1F1E3F91180392ED00801509 /* Release */ = {
			isa = XCBuildConfiguration;
			buildSettings = {
				ALWAYS_SEARCH_USER_PATHS = NO;
				ARCHS = "$(ARCHS_STANDARD_INCLUDING_64_BIT)";
				CLANG_CXX_LANGUAGE_STANDARD = "gnu++0x";
				CLANG_CXX_LIBRARY = "libc++";
				CLANG_ENABLE_MODULES = YES;
				CLANG_ENABLE_OBJC_ARC = YES;
				CLANG_WARN_BOOL_CONVERSION = YES;
				CLANG_WARN_CONSTANT_CONVERSION = YES;
				CLANG_WARN_DIRECT_OBJC_ISA_USAGE = YES_ERROR;
				CLANG_WARN_EMPTY_BODY = YES;
				CLANG_WARN_ENUM_CONVERSION = YES;
				CLANG_WARN_INT_CONVERSION = YES;
				CLANG_WARN_OBJC_ROOT_CLASS = YES_ERROR;
				CLANG_WARN__DUPLICATE_METHOD_MATCH = YES;
				COPY_PHASE_STRIP = YES;
				ENABLE_NS_ASSERTIONS = NO;
				GCC_C_LANGUAGE_STANDARD = gnu99;
				GCC_TREAT_WARNINGS_AS_ERRORS = YES;
				GCC_WARN_64_TO_32_BIT_CONVERSION = YES;
				GCC_WARN_ABOUT_RETURN_TYPE = YES_ERROR;
				GCC_WARN_UNDECLARED_SELECTOR = YES;
				GCC_WARN_UNINITIALIZED_AUTOS = YES;
				GCC_WARN_UNUSED_FUNCTION = YES;
				GCC_WARN_UNUSED_VARIABLE = YES;
				IPHONEOS_DEPLOYMENT_TARGET = 7.0;
				SDKROOT = iphoneos;
				VALIDATE_PRODUCT = YES;
			};
			name = Release;
		};
		1F1E3F93180392ED00801509 /* Debug */ = {
			isa = XCBuildConfiguration;
			buildSettings = {
				DSTROOT = /tmp/JKSSerializer.dst;
				GCC_PRECOMPILE_PREFIX_HEADER = YES;
				GCC_PREFIX_HEADER = "JKSSerializer/JKSSerializer-Prefix.pch";
				OTHER_LDFLAGS = "-ObjC";
				PRODUCT_NAME = "$(TARGET_NAME)";
				SKIP_INSTALL = YES;
			};
			name = Debug;
		};
		1F1E3F94180392ED00801509 /* Release */ = {
			isa = XCBuildConfiguration;
			buildSettings = {
				DSTROOT = /tmp/JKSSerializer.dst;
				GCC_PRECOMPILE_PREFIX_HEADER = YES;
				GCC_PREFIX_HEADER = "JKSSerializer/JKSSerializer-Prefix.pch";
				OTHER_LDFLAGS = "-ObjC";
				PRODUCT_NAME = "$(TARGET_NAME)";
				SKIP_INSTALL = YES;
			};
			name = Release;
		};
		1F1E3FB01803931D00801509 /* Debug */ = {
			isa = XCBuildConfiguration;
			buildSettings = {
				ARCHS = "$(ARCHS_STANDARD)";
				"CODE_SIGN_IDENTITY[sdk=iphoneos*]" = "iPhone Developer";
				FRAMEWORK_SEARCH_PATHS = (
					"$(inherited)",
					"$(DEVELOPER_FRAMEWORKS_DIR)",
				);
				GCC_PRECOMPILE_PREFIX_HEADER = YES;
				GCC_PREFIX_HEADER = "Specs/Specs-Prefix.pch";
				GCC_PREPROCESSOR_DEFINITIONS = (
					"DEBUG=1",
					"$(inherited)",
				);
				HEADER_SEARCH_PATHS = (
					"$(inherited)",
					/Applications/Xcode.app/Contents/Developer/Toolchains/XcodeDefault.xctoolchain/usr/include,
					"$(SRCROOT)/Externals/cedar/Source/Headers/**",
				);
				INFOPLIST_FILE = "Specs/Specs-Info.plist";
				OTHER_LDFLAGS = (
					"-ObjC",
					"-all_load",
					"-lstdc++",
				);
				PRODUCT_NAME = "$(TARGET_NAME)";
				WRAPPER_EXTENSION = app;
			};
			name = Debug;
		};
		1F1E3FB11803931D00801509 /* Release */ = {
			isa = XCBuildConfiguration;
			buildSettings = {
				ARCHS = "$(ARCHS_STANDARD)";
				"CODE_SIGN_IDENTITY[sdk=iphoneos*]" = "iPhone Developer";
				FRAMEWORK_SEARCH_PATHS = (
					"$(inherited)",
					"$(DEVELOPER_FRAMEWORKS_DIR)",
				);
				GCC_PRECOMPILE_PREFIX_HEADER = YES;
				GCC_PREFIX_HEADER = "Specs/Specs-Prefix.pch";
				HEADER_SEARCH_PATHS = (
					"$(inherited)",
					/Applications/Xcode.app/Contents/Developer/Toolchains/XcodeDefault.xctoolchain/usr/include,
					"$(SRCROOT)/Externals/cedar/Source/Headers/**",
				);
				INFOPLIST_FILE = "Specs/Specs-Info.plist";
				OTHER_CFLAGS = "-DNS_BLOCK_ASSERTIONS=1";
				OTHER_LDFLAGS = (
					"-ObjC",
					"-all_load",
					"-lstdc++",
				);
				PRODUCT_NAME = "$(TARGET_NAME)";
				WRAPPER_EXTENSION = app;
			};
			name = Release;
		};
		1F1E3FCD1804EC4F00801509 /* Debug */ = {
			isa = XCBuildConfiguration;
			buildSettings = {
				FRAMEWORK_SEARCH_PATHS = (
					"$(inherited)",
					/Users/jeff/workspace/Nimbus/DerivedData/Nimbus/Build/Products/Debug,
				);
				GCC_ENABLE_OBJC_EXCEPTIONS = YES;
				GCC_PRECOMPILE_PREFIX_HEADER = YES;
				GCC_PREFIX_HEADER = "OSXSpecs/OSXSpecs-Prefix.pch";
				GCC_PREPROCESSOR_DEFINITIONS = (
					"DEBUG=1",
					"$(inherited)",
				);
				HEADER_SEARCH_PATHS = (
					"$(inherited)",
					/Applications/Xcode.app/Contents/Developer/Toolchains/XcodeDefault.xctoolchain/usr/include,
					"$(SRCROOT)/Externals/cedar/Source/Headers/**",
				);
				MACOSX_DEPLOYMENT_TARGET = 10.8;
				PRODUCT_NAME = "$(TARGET_NAME)";
				SDKROOT = macosx;
			};
			name = Debug;
		};
		1F1E3FCE1804EC4F00801509 /* Release */ = {
			isa = XCBuildConfiguration;
			buildSettings = {
				DEBUG_INFORMATION_FORMAT = "dwarf-with-dsym";
				FRAMEWORK_SEARCH_PATHS = (
					"$(inherited)",
					/Users/jeff/workspace/Nimbus/DerivedData/Nimbus/Build/Products/Debug,
				);
				GCC_ENABLE_OBJC_EXCEPTIONS = YES;
				GCC_PRECOMPILE_PREFIX_HEADER = YES;
				GCC_PREFIX_HEADER = "OSXSpecs/OSXSpecs-Prefix.pch";
				HEADER_SEARCH_PATHS = (
					"$(inherited)",
					/Applications/Xcode.app/Contents/Developer/Toolchains/XcodeDefault.xctoolchain/usr/include,
					"$(SRCROOT)/Externals/cedar/Source/Headers/**",
				);
				MACOSX_DEPLOYMENT_TARGET = 10.8;
				PRODUCT_NAME = "$(TARGET_NAME)";
				SDKROOT = macosx;
			};
			name = Release;
		};
/* End XCBuildConfiguration section */

/* Begin XCConfigurationList section */
		1F1E3F6A180392ED00801509 /* Build configuration list for PBXProject "JKSSerializer" */ = {
			isa = XCConfigurationList;
			buildConfigurations = (
				1F1E3F90180392ED00801509 /* Debug */,
				1F1E3F91180392ED00801509 /* Release */,
			);
			defaultConfigurationIsVisible = 0;
			defaultConfigurationName = Release;
		};
		1F1E3F92180392ED00801509 /* Build configuration list for PBXNativeTarget "JKSSerializer" */ = {
			isa = XCConfigurationList;
			buildConfigurations = (
				1F1E3F93180392ED00801509 /* Debug */,
				1F1E3F94180392ED00801509 /* Release */,
			);
			defaultConfigurationIsVisible = 0;
			defaultConfigurationName = Release;
		};
		1F1E3FAF1803931D00801509 /* Build configuration list for PBXNativeTarget "Specs" */ = {
			isa = XCConfigurationList;
			buildConfigurations = (
				1F1E3FB01803931D00801509 /* Debug */,
				1F1E3FB11803931D00801509 /* Release */,
			);
			defaultConfigurationIsVisible = 0;
			defaultConfigurationName = Release;
		};
		1F1E3FCC1804EC4F00801509 /* Build configuration list for PBXNativeTarget "OSXSpecs" */ = {
			isa = XCConfigurationList;
			buildConfigurations = (
				1F1E3FCD1804EC4F00801509 /* Debug */,
				1F1E3FCE1804EC4F00801509 /* Release */,
			);
			defaultConfigurationIsVisible = 0;
			defaultConfigurationName = Release;
		};
/* End XCConfigurationList section */
	};
	rootObject = 1F1E3F67180392ED00801509 /* Project object */;
}
