// !$*UTF8*$!
{
	archiveVersion = 1;
	classes = {
	};
	objectVersion = 46;
	objects = {

/* Begin PBXBuildFile section */
		1F12175D188B9BDF00B1CBD1 /* HYDFakeMapper.m in Sources */ = {isa = PBXBuildFile; fileRef = 1F12175C188B9BDF00B1CBD1 /* HYDFakeMapper.m */; };
		1F12175E188B9BDF00B1CBD1 /* HYDFakeMapper.m in Sources */ = {isa = PBXBuildFile; fileRef = 1F12175C188B9BDF00B1CBD1 /* HYDFakeMapper.m */; };
		1F121782188C94BD00B1CBD1 /* HYDCollectionMapperSpec.mm in Sources */ = {isa = PBXBuildFile; fileRef = 1F121776188C94BD00B1CBD1 /* HYDCollectionMapperSpec.mm */; };
		1F121783188C94BD00B1CBD1 /* HYDCollectionMapperSpec.mm in Sources */ = {isa = PBXBuildFile; fileRef = 1F121776188C94BD00B1CBD1 /* HYDCollectionMapperSpec.mm */; };
		1F121784188C94BD00B1CBD1 /* HYDDateToStringMapperSpec.mm in Sources */ = {isa = PBXBuildFile; fileRef = 1F121777188C94BD00B1CBD1 /* HYDDateToStringMapperSpec.mm */; };
		1F121785188C94BD00B1CBD1 /* HYDDateToStringMapperSpec.mm in Sources */ = {isa = PBXBuildFile; fileRef = 1F121777188C94BD00B1CBD1 /* HYDDateToStringMapperSpec.mm */; };
		1F121788188C94BD00B1CBD1 /* HYDEnumMapperSpec.mm in Sources */ = {isa = PBXBuildFile; fileRef = 1F121779188C94BD00B1CBD1 /* HYDEnumMapperSpec.mm */; };
		1F121789188C94BD00B1CBD1 /* HYDEnumMapperSpec.mm in Sources */ = {isa = PBXBuildFile; fileRef = 1F121779188C94BD00B1CBD1 /* HYDEnumMapperSpec.mm */; };
		1F12178A188C94BD00B1CBD1 /* HYDIdentityMapperSpec.mm in Sources */ = {isa = PBXBuildFile; fileRef = 1F12177A188C94BD00B1CBD1 /* HYDIdentityMapperSpec.mm */; };
		1F12178B188C94BD00B1CBD1 /* HYDIdentityMapperSpec.mm in Sources */ = {isa = PBXBuildFile; fileRef = 1F12177A188C94BD00B1CBD1 /* HYDIdentityMapperSpec.mm */; };
		1F12178C188C94BD00B1CBD1 /* HYDKeyValueMapperSpec.mm in Sources */ = {isa = PBXBuildFile; fileRef = 1F12177B188C94BD00B1CBD1 /* HYDKeyValueMapperSpec.mm */; };
		1F12178D188C94BD00B1CBD1 /* HYDKeyValueMapperSpec.mm in Sources */ = {isa = PBXBuildFile; fileRef = 1F12177B188C94BD00B1CBD1 /* HYDKeyValueMapperSpec.mm */; };
		1F12178E188C94BD00B1CBD1 /* HYDKeyValuePathMapperSpec.mm in Sources */ = {isa = PBXBuildFile; fileRef = 1F12177C188C94BD00B1CBD1 /* HYDKeyValuePathMapperSpec.mm */; };
		1F12178F188C94BD00B1CBD1 /* HYDKeyValuePathMapperSpec.mm in Sources */ = {isa = PBXBuildFile; fileRef = 1F12177C188C94BD00B1CBD1 /* HYDKeyValuePathMapperSpec.mm */; };
		1F121790188C94BD00B1CBD1 /* HYDNumberToStringMapperSpec.mm in Sources */ = {isa = PBXBuildFile; fileRef = 1F12177D188C94BD00B1CBD1 /* HYDNumberToStringMapperSpec.mm */; };
		1F121791188C94BD00B1CBD1 /* HYDNumberToStringMapperSpec.mm in Sources */ = {isa = PBXBuildFile; fileRef = 1F12177D188C94BD00B1CBD1 /* HYDNumberToStringMapperSpec.mm */; };
		1F121792188C94BD00B1CBD1 /* HYDNonFatalMapperSpec.mm in Sources */ = {isa = PBXBuildFile; fileRef = 1F12177E188C94BD00B1CBD1 /* HYDNonFatalMapperSpec.mm */; };
		1F121793188C94BD00B1CBD1 /* HYDNonFatalMapperSpec.mm in Sources */ = {isa = PBXBuildFile; fileRef = 1F12177E188C94BD00B1CBD1 /* HYDNonFatalMapperSpec.mm */; };
		1F121794188C94BD00B1CBD1 /* HYDStringToDateMapperSpec.mm in Sources */ = {isa = PBXBuildFile; fileRef = 1F12177F188C94BD00B1CBD1 /* HYDStringToDateMapperSpec.mm */; };
		1F121795188C94BD00B1CBD1 /* HYDStringToDateMapperSpec.mm in Sources */ = {isa = PBXBuildFile; fileRef = 1F12177F188C94BD00B1CBD1 /* HYDStringToDateMapperSpec.mm */; };
		1F121796188C94BD00B1CBD1 /* HYDStringToNumberMapperSpec.mm in Sources */ = {isa = PBXBuildFile; fileRef = 1F121780188C94BD00B1CBD1 /* HYDStringToNumberMapperSpec.mm */; };
		1F121797188C94BD00B1CBD1 /* HYDStringToNumberMapperSpec.mm in Sources */ = {isa = PBXBuildFile; fileRef = 1F121780188C94BD00B1CBD1 /* HYDStringToNumberMapperSpec.mm */; };
		1F121798188C94BD00B1CBD1 /* HYDTypedMapperSpec.mm in Sources */ = {isa = PBXBuildFile; fileRef = 1F121781188C94BD00B1CBD1 /* HYDTypedMapperSpec.mm */; };
		1F121799188C94BD00B1CBD1 /* HYDTypedMapperSpec.mm in Sources */ = {isa = PBXBuildFile; fileRef = 1F121781188C94BD00B1CBD1 /* HYDTypedMapperSpec.mm */; };
		1F12179B188C94FF00B1CBD1 /* HYDErrorSpec.mm in Sources */ = {isa = PBXBuildFile; fileRef = 1F12179A188C94FF00B1CBD1 /* HYDErrorSpec.mm */; };
		1F12179C188C94FF00B1CBD1 /* HYDErrorSpec.mm in Sources */ = {isa = PBXBuildFile; fileRef = 1F12179A188C94FF00B1CBD1 /* HYDErrorSpec.mm */; };
		1F12179F188CBE3500B1CBD1 /* HYDMapperCompositionSpec.mm in Sources */ = {isa = PBXBuildFile; fileRef = 1F12179E188CBE3500B1CBD1 /* HYDMapperCompositionSpec.mm */; };
		1F1217A0188CBE3500B1CBD1 /* HYDMapperCompositionSpec.mm in Sources */ = {isa = PBXBuildFile; fileRef = 1F12179E188CBE3500B1CBD1 /* HYDMapperCompositionSpec.mm */; };
		1F1217B4188CC5D700B1CBD1 /* HYDDotNetDateFormatter.m in Sources */ = {isa = PBXBuildFile; fileRef = 1F1217B3188CC5D700B1CBD1 /* HYDDotNetDateFormatter.m */; };
		1F1217B5188CC5D700B1CBD1 /* HYDDotNetDateFormatter.m in Sources */ = {isa = PBXBuildFile; fileRef = 1F1217B3188CC5D700B1CBD1 /* HYDDotNetDateFormatter.m */; };
		1F1217B6188CC5D700B1CBD1 /* HYDDotNetDateFormatter.m in Sources */ = {isa = PBXBuildFile; fileRef = 1F1217B3188CC5D700B1CBD1 /* HYDDotNetDateFormatter.m */; };
		1F1217B9188CC60000B1CBD1 /* HYDDotNetDateFormatterSpec.mm in Sources */ = {isa = PBXBuildFile; fileRef = 1F1217B8188CC60000B1CBD1 /* HYDDotNetDateFormatterSpec.mm */; };
		1F1217BA188CC60000B1CBD1 /* HYDDotNetDateFormatterSpec.mm in Sources */ = {isa = PBXBuildFile; fileRef = 1F1217B8188CC60000B1CBD1 /* HYDDotNetDateFormatterSpec.mm */; };
		1F1217BD188E351000B1CBD1 /* HYDCedarMatchers.mm in Sources */ = {isa = PBXBuildFile; fileRef = 1F1217BC188E351000B1CBD1 /* HYDCedarMatchers.mm */; };
		1F1217BE188E351000B1CBD1 /* HYDCedarMatchers.mm in Sources */ = {isa = PBXBuildFile; fileRef = 1F1217BC188E351000B1CBD1 /* HYDCedarMatchers.mm */; };
		1F1217C2188E41CA00B1CBD1 /* HYDError+Spec.m in Sources */ = {isa = PBXBuildFile; fileRef = 1F1217C1188E41CA00B1CBD1 /* HYDError+Spec.m */; };
		1F1217C3188E41CA00B1CBD1 /* HYDError+Spec.m in Sources */ = {isa = PBXBuildFile; fileRef = 1F1217C1188E41CA00B1CBD1 /* HYDError+Spec.m */; };
		1F1217C6188E615200B1CBD1 /* HYDFunctions.m in Sources */ = {isa = PBXBuildFile; fileRef = 1F1217C5188E615200B1CBD1 /* HYDFunctions.m */; };
		1F1217C7188E615200B1CBD1 /* HYDFunctions.m in Sources */ = {isa = PBXBuildFile; fileRef = 1F1217C5188E615200B1CBD1 /* HYDFunctions.m */; };
		1F1217C8188E615200B1CBD1 /* HYDFunctions.m in Sources */ = {isa = PBXBuildFile; fileRef = 1F1217C5188E615200B1CBD1 /* HYDFunctions.m */; };
		1F1217DA188F88E600B1CBD1 /* HYDFirstMapperSpec.mm in Sources */ = {isa = PBXBuildFile; fileRef = 1F1217D9188F88E600B1CBD1 /* HYDFirstMapperSpec.mm */; };
		1F1217DB188F88E600B1CBD1 /* HYDFirstMapperSpec.mm in Sources */ = {isa = PBXBuildFile; fileRef = 1F1217D9188F88E600B1CBD1 /* HYDFirstMapperSpec.mm */; };
		1F1E3F73180392ED00801509 /* Foundation.framework in Frameworks */ = {isa = PBXBuildFile; fileRef = 1F1E3F72180392ED00801509 /* Foundation.framework */; };
		1F1E3F9E1803931D00801509 /* Foundation.framework in Frameworks */ = {isa = PBXBuildFile; fileRef = 1F1E3F72180392ED00801509 /* Foundation.framework */; };
		1F1E3FA01803931D00801509 /* CoreGraphics.framework in Frameworks */ = {isa = PBXBuildFile; fileRef = 1F1E3F9F1803931D00801509 /* CoreGraphics.framework */; };
		1F1E3FA61803931D00801509 /* InfoPlist.strings in Resources */ = {isa = PBXBuildFile; fileRef = 1F1E3FA41803931D00801509 /* InfoPlist.strings */; };
		1F1E3FA81803931D00801509 /* main.m in Sources */ = {isa = PBXBuildFile; fileRef = 1F1E3FA71803931D00801509 /* main.m */; };
		1F1E3FBA1803966400801509 /* HYDPerson.m in Sources */ = {isa = PBXBuildFile; fileRef = 1F1E3FB91803966400801509 /* HYDPerson.m */; };
		1F1E3FC91804EC4F00801509 /* main.m in Sources */ = {isa = PBXBuildFile; fileRef = 1F1E3FC81804EC4F00801509 /* main.m */; };
		1F1E3FD01804EC5E00801509 /* HYDPerson.m in Sources */ = {isa = PBXBuildFile; fileRef = 1F1E3FB91803966400801509 /* HYDPerson.m */; };
		1F205DBC18978EDA007F87AE /* HYDNotNullMapperSpec.mm in Sources */ = {isa = PBXBuildFile; fileRef = 1F205DBB18978EDA007F87AE /* HYDNotNullMapperSpec.mm */; };
		1F205DBD18978EDA007F87AE /* HYDNotNullMapperSpec.mm in Sources */ = {isa = PBXBuildFile; fileRef = 1F205DBB18978EDA007F87AE /* HYDNotNullMapperSpec.mm */; };
		1F28C78D189CB1170083E2D5 /* HYDBlockMapperSpec.mm in Sources */ = {isa = PBXBuildFile; fileRef = 1F28C78C189CB1170083E2D5 /* HYDBlockMapperSpec.mm */; };
		1F28C78E189CB1170083E2D5 /* HYDBlockMapperSpec.mm in Sources */ = {isa = PBXBuildFile; fileRef = 1F28C78C189CB1170083E2D5 /* HYDBlockMapperSpec.mm */; };
		1F28C792189CFB770083E2D5 /* HYDWalker.m in Sources */ = {isa = PBXBuildFile; fileRef = 1F28C791189CFB770083E2D5 /* HYDWalker.m */; };
		1F28C793189CFB770083E2D5 /* HYDWalker.m in Sources */ = {isa = PBXBuildFile; fileRef = 1F28C791189CFB770083E2D5 /* HYDWalker.m */; };
		1F28C794189CFB770083E2D5 /* HYDWalker.m in Sources */ = {isa = PBXBuildFile; fileRef = 1F28C791189CFB770083E2D5 /* HYDWalker.m */; };
		1F28C7AF189E0E8F0083E2D5 /* HYDUUIDFormatter.m in Sources */ = {isa = PBXBuildFile; fileRef = 1F28C7AE189E0E8F0083E2D5 /* HYDUUIDFormatter.m */; };
		1F28C7B0189E0E8F0083E2D5 /* HYDUUIDFormatter.m in Sources */ = {isa = PBXBuildFile; fileRef = 1F28C7AE189E0E8F0083E2D5 /* HYDUUIDFormatter.m */; };
		1F28C7B1189E0E8F0083E2D5 /* HYDUUIDFormatter.m in Sources */ = {isa = PBXBuildFile; fileRef = 1F28C7AE189E0E8F0083E2D5 /* HYDUUIDFormatter.m */; };
		1F28C7B3189E0ED10083E2D5 /* HYDUUIDFormatterSpec.mm in Sources */ = {isa = PBXBuildFile; fileRef = 1F28C7B2189E0ED10083E2D5 /* HYDUUIDFormatterSpec.mm */; };
		1F28C7B4189E0ED10083E2D5 /* HYDUUIDFormatterSpec.mm in Sources */ = {isa = PBXBuildFile; fileRef = 1F28C7B2189E0ED10083E2D5 /* HYDUUIDFormatterSpec.mm */; };
		1F46F1C0188FBF5400E8D6ED /* HYDStringToURLMapperSpec.mm in Sources */ = {isa = PBXBuildFile; fileRef = 1F46F1BF188FBF5400E8D6ED /* HYDStringToURLMapperSpec.mm */; };
		1F46F1C1188FBF5400E8D6ED /* HYDStringToURLMapperSpec.mm in Sources */ = {isa = PBXBuildFile; fileRef = 1F46F1BF188FBF5400E8D6ED /* HYDStringToURLMapperSpec.mm */; };
		1FA99484183B49FA001E9F2E /* libCedar-StaticLib.a in Frameworks */ = {isa = PBXBuildFile; fileRef = 1F0A8485183B48DD00EAA4E0 /* libCedar-StaticLib.a */; };
		1FA9948A183B4A20001E9F2E /* Foundation.framework in Frameworks */ = {isa = PBXBuildFile; fileRef = 1FA99489183B4A20001E9F2E /* Foundation.framework */; };
		1FA994A4183C97A8001E9F2E /* HYDBase.h in CopyFiles */ = {isa = PBXBuildFile; fileRef = 1F06C040181A2DC90017FDB4 /* HYDBase.h */; };
		1FA994C8183CA9EF001E9F2E /* Cedar.framework in Frameworks */ = {isa = PBXBuildFile; fileRef = 1FA994B8183CA3B3001E9F2E /* Cedar.framework */; };
		1FB0F6611883DCDD00120ABC /* HYDError.m in Sources */ = {isa = PBXBuildFile; fileRef = 1FB0F6601883DCDD00120ABC /* HYDError.m */; };
		1FB0F6621883DCDD00120ABC /* HYDError.m in Sources */ = {isa = PBXBuildFile; fileRef = 1FB0F6601883DCDD00120ABC /* HYDError.m */; };
		1FB0F6631883DCDD00120ABC /* HYDError.m in Sources */ = {isa = PBXBuildFile; fileRef = 1FB0F6601883DCDD00120ABC /* HYDError.m */; };
		1FD4F95818A3220000DA1AD3 /* HYDPostProcessingMapperSpec.mm in Sources */ = {isa = PBXBuildFile; fileRef = 1FD4F95718A3220000DA1AD3 /* HYDPostProcessingMapperSpec.mm */; };
		1FD4F95918A3220000DA1AD3 /* HYDPostProcessingMapperSpec.mm in Sources */ = {isa = PBXBuildFile; fileRef = 1FD4F95718A3220000DA1AD3 /* HYDPostProcessingMapperSpec.mm */; };
		1FD4F96018A35DE500DA1AD3 /* HYDCollection.m in Sources */ = {isa = PBXBuildFile; fileRef = 1FD4F95F18A35DE500DA1AD3 /* HYDCollection.m */; };
		1FD4F96118A35DE500DA1AD3 /* HYDCollection.m in Sources */ = {isa = PBXBuildFile; fileRef = 1FD4F95F18A35DE500DA1AD3 /* HYDCollection.m */; };
		1FD4F96218A35DE500DA1AD3 /* HYDCollection.m in Sources */ = {isa = PBXBuildFile; fileRef = 1FD4F95F18A35DE500DA1AD3 /* HYDCollection.m */; };
		1FD4F96818A36E9B00DA1AD3 /* HYDMappingOptionalArraysSpec.mm in Sources */ = {isa = PBXBuildFile; fileRef = 1FD4F96718A36E9B00DA1AD3 /* HYDMappingOptionalArraysSpec.mm */; };
		1FD4F96918A36E9B00DA1AD3 /* HYDMappingOptionalArraysSpec.mm in Sources */ = {isa = PBXBuildFile; fileRef = 1FD4F96718A36E9B00DA1AD3 /* HYDMappingOptionalArraysSpec.mm */; };
		1FD4F99218A3776600DA1AD3 /* HYDOptionalMapper.m in Sources */ = {isa = PBXBuildFile; fileRef = 1FD4F97018A3776600DA1AD3 /* HYDOptionalMapper.m */; };
		1FD4F99318A3776600DA1AD3 /* HYDOptionalMapper.m in Sources */ = {isa = PBXBuildFile; fileRef = 1FD4F97018A3776600DA1AD3 /* HYDOptionalMapper.m */; };
		1FD4F99418A3776600DA1AD3 /* HYDOptionalMapper.m in Sources */ = {isa = PBXBuildFile; fileRef = 1FD4F97018A3776600DA1AD3 /* HYDOptionalMapper.m */; };
		1FD4F99518A3776600DA1AD3 /* HYDCollectionMapper.m in Sources */ = {isa = PBXBuildFile; fileRef = 1FD4F97318A3776600DA1AD3 /* HYDCollectionMapper.m */; };
		1FD4F99618A3776600DA1AD3 /* HYDCollectionMapper.m in Sources */ = {isa = PBXBuildFile; fileRef = 1FD4F97318A3776600DA1AD3 /* HYDCollectionMapper.m */; };
		1FD4F99718A3776600DA1AD3 /* HYDCollectionMapper.m in Sources */ = {isa = PBXBuildFile; fileRef = 1FD4F97318A3776600DA1AD3 /* HYDCollectionMapper.m */; };
		1FD4F99818A3776600DA1AD3 /* HYDFirstMapper.m in Sources */ = {isa = PBXBuildFile; fileRef = 1FD4F97518A3776600DA1AD3 /* HYDFirstMapper.m */; };
		1FD4F99918A3776600DA1AD3 /* HYDFirstMapper.m in Sources */ = {isa = PBXBuildFile; fileRef = 1FD4F97518A3776600DA1AD3 /* HYDFirstMapper.m */; };
		1FD4F99A18A3776600DA1AD3 /* HYDFirstMapper.m in Sources */ = {isa = PBXBuildFile; fileRef = 1FD4F97518A3776600DA1AD3 /* HYDFirstMapper.m */; };
		1FD4F99B18A3776600DA1AD3 /* HYDKeyValueMapper.m in Sources */ = {isa = PBXBuildFile; fileRef = 1FD4F97718A3776600DA1AD3 /* HYDKeyValueMapper.m */; };
		1FD4F99C18A3776600DA1AD3 /* HYDKeyValueMapper.m in Sources */ = {isa = PBXBuildFile; fileRef = 1FD4F97718A3776600DA1AD3 /* HYDKeyValueMapper.m */; };
		1FD4F99D18A3776600DA1AD3 /* HYDKeyValueMapper.m in Sources */ = {isa = PBXBuildFile; fileRef = 1FD4F97718A3776600DA1AD3 /* HYDKeyValueMapper.m */; };
		1FD4F99E18A3776600DA1AD3 /* HYDKeyValuePathMapper.m in Sources */ = {isa = PBXBuildFile; fileRef = 1FD4F97918A3776600DA1AD3 /* HYDKeyValuePathMapper.m */; };
		1FD4F99F18A3776600DA1AD3 /* HYDKeyValuePathMapper.m in Sources */ = {isa = PBXBuildFile; fileRef = 1FD4F97918A3776600DA1AD3 /* HYDKeyValuePathMapper.m */; };
		1FD4F9A018A3776600DA1AD3 /* HYDKeyValuePathMapper.m in Sources */ = {isa = PBXBuildFile; fileRef = 1FD4F97918A3776600DA1AD3 /* HYDKeyValuePathMapper.m */; };
		1FD4F9A118A3776600DA1AD3 /* HYDNonFatalMapper.m in Sources */ = {isa = PBXBuildFile; fileRef = 1FD4F97B18A3776600DA1AD3 /* HYDNonFatalMapper.m */; };
		1FD4F9A218A3776600DA1AD3 /* HYDNonFatalMapper.m in Sources */ = {isa = PBXBuildFile; fileRef = 1FD4F97B18A3776600DA1AD3 /* HYDNonFatalMapper.m */; };
		1FD4F9A318A3776600DA1AD3 /* HYDNonFatalMapper.m in Sources */ = {isa = PBXBuildFile; fileRef = 1FD4F97B18A3776600DA1AD3 /* HYDNonFatalMapper.m */; };
		1FD4F9A418A3776600DA1AD3 /* HYDNotNullMapper.m in Sources */ = {isa = PBXBuildFile; fileRef = 1FD4F97D18A3776600DA1AD3 /* HYDNotNullMapper.m */; };
		1FD4F9A518A3776600DA1AD3 /* HYDNotNullMapper.m in Sources */ = {isa = PBXBuildFile; fileRef = 1FD4F97D18A3776600DA1AD3 /* HYDNotNullMapper.m */; };
		1FD4F9A618A3776600DA1AD3 /* HYDNotNullMapper.m in Sources */ = {isa = PBXBuildFile; fileRef = 1FD4F97D18A3776600DA1AD3 /* HYDNotNullMapper.m */; };
		1FD4F9A718A3776600DA1AD3 /* HYDTypedMapper.m in Sources */ = {isa = PBXBuildFile; fileRef = 1FD4F97F18A3776600DA1AD3 /* HYDTypedMapper.m */; };
		1FD4F9A818A3776600DA1AD3 /* HYDTypedMapper.m in Sources */ = {isa = PBXBuildFile; fileRef = 1FD4F97F18A3776600DA1AD3 /* HYDTypedMapper.m */; };
		1FD4F9A918A3776600DA1AD3 /* HYDTypedMapper.m in Sources */ = {isa = PBXBuildFile; fileRef = 1FD4F97F18A3776600DA1AD3 /* HYDTypedMapper.m */; };
		1FD4F9AA18A3776600DA1AD3 /* HYDEnumMapper.m in Sources */ = {isa = PBXBuildFile; fileRef = 1FD4F98218A3776600DA1AD3 /* HYDEnumMapper.m */; };
		1FD4F9AB18A3776600DA1AD3 /* HYDEnumMapper.m in Sources */ = {isa = PBXBuildFile; fileRef = 1FD4F98218A3776600DA1AD3 /* HYDEnumMapper.m */; };
		1FD4F9AC18A3776600DA1AD3 /* HYDEnumMapper.m in Sources */ = {isa = PBXBuildFile; fileRef = 1FD4F98218A3776600DA1AD3 /* HYDEnumMapper.m */; };
		1FD4F9AD18A3776600DA1AD3 /* HYDIdentityMapper.m in Sources */ = {isa = PBXBuildFile; fileRef = 1FD4F98418A3776600DA1AD3 /* HYDIdentityMapper.m */; };
		1FD4F9AE18A3776600DA1AD3 /* HYDIdentityMapper.m in Sources */ = {isa = PBXBuildFile; fileRef = 1FD4F98418A3776600DA1AD3 /* HYDIdentityMapper.m */; };
		1FD4F9AF18A3776600DA1AD3 /* HYDIdentityMapper.m in Sources */ = {isa = PBXBuildFile; fileRef = 1FD4F98418A3776600DA1AD3 /* HYDIdentityMapper.m */; };
		1FD4F9B018A3776600DA1AD3 /* HYDObjectToStringFormatterMapper.m in Sources */ = {isa = PBXBuildFile; fileRef = 1FD4F98618A3776600DA1AD3 /* HYDObjectToStringFormatterMapper.m */; };
		1FD4F9B118A3776600DA1AD3 /* HYDObjectToStringFormatterMapper.m in Sources */ = {isa = PBXBuildFile; fileRef = 1FD4F98618A3776600DA1AD3 /* HYDObjectToStringFormatterMapper.m */; };
		1FD4F9B218A3776600DA1AD3 /* HYDObjectToStringFormatterMapper.m in Sources */ = {isa = PBXBuildFile; fileRef = 1FD4F98618A3776600DA1AD3 /* HYDObjectToStringFormatterMapper.m */; };
		1FD4F9B318A3776600DA1AD3 /* HYDReversedValueTransformerMapper.m in Sources */ = {isa = PBXBuildFile; fileRef = 1FD4F98818A3776600DA1AD3 /* HYDReversedValueTransformerMapper.m */; };
		1FD4F9B418A3776600DA1AD3 /* HYDReversedValueTransformerMapper.m in Sources */ = {isa = PBXBuildFile; fileRef = 1FD4F98818A3776600DA1AD3 /* HYDReversedValueTransformerMapper.m */; };
		1FD4F9B518A3776600DA1AD3 /* HYDReversedValueTransformerMapper.m in Sources */ = {isa = PBXBuildFile; fileRef = 1FD4F98818A3776600DA1AD3 /* HYDReversedValueTransformerMapper.m */; };
		1FD4F9B618A3776600DA1AD3 /* HYDStringToObjectFormatterMapper.m in Sources */ = {isa = PBXBuildFile; fileRef = 1FD4F98A18A3776600DA1AD3 /* HYDStringToObjectFormatterMapper.m */; };
		1FD4F9B718A3776600DA1AD3 /* HYDStringToObjectFormatterMapper.m in Sources */ = {isa = PBXBuildFile; fileRef = 1FD4F98A18A3776600DA1AD3 /* HYDStringToObjectFormatterMapper.m */; };
		1FD4F9B818A3776600DA1AD3 /* HYDStringToObjectFormatterMapper.m in Sources */ = {isa = PBXBuildFile; fileRef = 1FD4F98A18A3776600DA1AD3 /* HYDStringToObjectFormatterMapper.m */; };
		1FD4F9B918A3776600DA1AD3 /* HYDValueTransformerMapper.m in Sources */ = {isa = PBXBuildFile; fileRef = 1FD4F98C18A3776600DA1AD3 /* HYDValueTransformerMapper.m */; };
		1FD4F9BA18A3776600DA1AD3 /* HYDValueTransformerMapper.m in Sources */ = {isa = PBXBuildFile; fileRef = 1FD4F98C18A3776600DA1AD3 /* HYDValueTransformerMapper.m */; };
		1FD4F9BB18A3776600DA1AD3 /* HYDValueTransformerMapper.m in Sources */ = {isa = PBXBuildFile; fileRef = 1FD4F98C18A3776600DA1AD3 /* HYDValueTransformerMapper.m */; };
		1FD4F9BC18A3776600DA1AD3 /* HYDBlockMapper.m in Sources */ = {isa = PBXBuildFile; fileRef = 1FD4F98F18A3776600DA1AD3 /* HYDBlockMapper.m */; };
		1FD4F9BD18A3776600DA1AD3 /* HYDBlockMapper.m in Sources */ = {isa = PBXBuildFile; fileRef = 1FD4F98F18A3776600DA1AD3 /* HYDBlockMapper.m */; };
		1FD4F9BE18A3776600DA1AD3 /* HYDBlockMapper.m in Sources */ = {isa = PBXBuildFile; fileRef = 1FD4F98F18A3776600DA1AD3 /* HYDBlockMapper.m */; };
		1FD4F9BF18A3776600DA1AD3 /* HYDPostProcessingMapper.m in Sources */ = {isa = PBXBuildFile; fileRef = 1FD4F99118A3776600DA1AD3 /* HYDPostProcessingMapper.m */; };
		1FD4F9C018A3776600DA1AD3 /* HYDPostProcessingMapper.m in Sources */ = {isa = PBXBuildFile; fileRef = 1FD4F99118A3776600DA1AD3 /* HYDPostProcessingMapper.m */; };
		1FD4F9C118A3776600DA1AD3 /* HYDPostProcessingMapper.m in Sources */ = {isa = PBXBuildFile; fileRef = 1FD4F99118A3776600DA1AD3 /* HYDPostProcessingMapper.m */; };
		1FDAC11A18121F6900846B44 /* HYDClassInspector.m in Sources */ = {isa = PBXBuildFile; fileRef = 1FDAC11718121F6900846B44 /* HYDClassInspector.m */; };
		1FDAC11B18121F6900846B44 /* HYDClassInspector.m in Sources */ = {isa = PBXBuildFile; fileRef = 1FDAC11718121F6900846B44 /* HYDClassInspector.m */; };
		1FDAC11C18121F6900846B44 /* HYDClassInspector.m in Sources */ = {isa = PBXBuildFile; fileRef = 1FDAC11718121F6900846B44 /* HYDClassInspector.m */; };
		1FDAC11D18121F6900846B44 /* HYDProperty.m in Sources */ = {isa = PBXBuildFile; fileRef = 1FDAC11918121F6900846B44 /* HYDProperty.m */; };
		1FDAC11E18121F6900846B44 /* HYDProperty.m in Sources */ = {isa = PBXBuildFile; fileRef = 1FDAC11918121F6900846B44 /* HYDProperty.m */; };
		1FDAC11F18121F6900846B44 /* HYDProperty.m in Sources */ = {isa = PBXBuildFile; fileRef = 1FDAC11918121F6900846B44 /* HYDProperty.m */; };
		1FEC76431890FB5F003687EF /* HYDFakeFormatter.m in Sources */ = {isa = PBXBuildFile; fileRef = 1FEC76421890FB5F003687EF /* HYDFakeFormatter.m */; };
		1FEC76441890FB5F003687EF /* HYDFakeFormatter.m in Sources */ = {isa = PBXBuildFile; fileRef = 1FEC76421890FB5F003687EF /* HYDFakeFormatter.m */; };
		1FEC764F1890FE20003687EF /* HYDSharedMapperExamplesSpec.mm in Sources */ = {isa = PBXBuildFile; fileRef = 1FEC764E1890FE20003687EF /* HYDSharedMapperExamplesSpec.mm */; };
		1FEC76501890FE20003687EF /* HYDSharedMapperExamplesSpec.mm in Sources */ = {isa = PBXBuildFile; fileRef = 1FEC764E1890FE20003687EF /* HYDSharedMapperExamplesSpec.mm */; };
		1FEC76541891B5D6003687EF /* HYDObjectFactory.m in Sources */ = {isa = PBXBuildFile; fileRef = 1FEC76531891B5D6003687EF /* HYDObjectFactory.m */; };
		1FEC76551891B5DB003687EF /* HYDObjectFactory.m in Sources */ = {isa = PBXBuildFile; fileRef = 1FEC76531891B5D6003687EF /* HYDObjectFactory.m */; };
		1FEC76561891B5DB003687EF /* HYDObjectFactory.m in Sources */ = {isa = PBXBuildFile; fileRef = 1FEC76531891B5D6003687EF /* HYDObjectFactory.m */; };
		31B7333956F82193D35259C8 /* HYDIrreversableValueTransformer.m in Sources */ = {isa = PBXBuildFile; fileRef = 31B73F6420CA7DA9E0CDCDD9 /* HYDIrreversableValueTransformer.m */; };
		31B733BA614F174EAD9BE5C6 /* HYDURLFormatter.m in Sources */ = {isa = PBXBuildFile; fileRef = 31B7397D313A6898E4176400 /* HYDURLFormatter.m */; };
		31B73418707EF4B3BF67E67E /* HYDURLFormatter.m in Sources */ = {isa = PBXBuildFile; fileRef = 31B7397D313A6898E4176400 /* HYDURLFormatter.m */; };
		31B7350EA1C028DB9854AB36 /* HYDURLFormatterSpec.mm in Sources */ = {isa = PBXBuildFile; fileRef = 31B73FC419537BD73A01857E /* HYDURLFormatterSpec.mm */; };
		31B7351604487874CF2293DD /* HYDIrreversableValueTransformer.m in Sources */ = {isa = PBXBuildFile; fileRef = 31B73F6420CA7DA9E0CDCDD9 /* HYDIrreversableValueTransformer.m */; };
		31B73610F7A8AAD335707601 /* HYDUUIDToStringFormatterSpec.mm in Sources */ = {isa = PBXBuildFile; fileRef = 31B73BB2645646B5AA1104EB /* HYDUUIDToStringFormatterSpec.mm */; };
		31B736D5E413FD48D05CE79E /* HYDReversedValueTransformerMapperSpec.mm in Sources */ = {isa = PBXBuildFile; fileRef = 31B73C992A885681364E2C27 /* HYDReversedValueTransformerMapperSpec.mm */; };
		31B7372E15999635BF45A990 /* HYDStringToUUIDFormatterSpec.mm in Sources */ = {isa = PBXBuildFile; fileRef = 31B73DE781942FCF769C315D /* HYDStringToUUIDFormatterSpec.mm */; };
		31B738701E5C1FD1663E86ED /* HYDConstants.m in Sources */ = {isa = PBXBuildFile; fileRef = 31B73D29858BD4E6F58C5CCB /* HYDConstants.m */; };
		31B738FC1F1D1DC0F67B883D /* HYDValueTransformerMapperSpec.mm in Sources */ = {isa = PBXBuildFile; fileRef = 31B73129C7706E80BEBA8B87 /* HYDValueTransformerMapperSpec.mm */; };
		31B73A49F9A6B077CD729F75 /* HYDUUIDToStringFormatterSpec.mm in Sources */ = {isa = PBXBuildFile; fileRef = 31B73BB2645646B5AA1104EB /* HYDUUIDToStringFormatterSpec.mm */; };
		31B73ACC0EFBB8E7D6C6EC45 /* HYDStringToObjectFormatterMapperSpec.mm in Sources */ = {isa = PBXBuildFile; fileRef = 31B732D35FF632765BF7553E /* HYDStringToObjectFormatterMapperSpec.mm */; };
		31B73C363F2E4A1BBD783486 /* HYDValueTransformerMapperSpec.mm in Sources */ = {isa = PBXBuildFile; fileRef = 31B73129C7706E80BEBA8B87 /* HYDValueTransformerMapperSpec.mm */; };
		31B73C42F97D1858CFB959BD /* HYDConstants.m in Sources */ = {isa = PBXBuildFile; fileRef = 31B73D29858BD4E6F58C5CCB /* HYDConstants.m */; };
		31B73DED038ECF9405F2EECE /* HYDURLFormatterSpec.mm in Sources */ = {isa = PBXBuildFile; fileRef = 31B73FC419537BD73A01857E /* HYDURLFormatterSpec.mm */; };
		31B73E65126BCC2DD8DDB853 /* HYDObjectToStringFormatterMapperSpec.mm in Sources */ = {isa = PBXBuildFile; fileRef = 31B732F3FAC8BA4B7A906AC8 /* HYDObjectToStringFormatterMapperSpec.mm */; };
		31B73E6809C4B922F72D526B /* HYDObjectToStringFormatterMapperSpec.mm in Sources */ = {isa = PBXBuildFile; fileRef = 31B732F3FAC8BA4B7A906AC8 /* HYDObjectToStringFormatterMapperSpec.mm */; };
		31B73EAF742EB1A95997B8EE /* HYDIrreversableValueTransformer.m in Sources */ = {isa = PBXBuildFile; fileRef = 31B73F6420CA7DA9E0CDCDD9 /* HYDIrreversableValueTransformer.m */; };
		31B73F18A407C987DABB5EE4 /* HYDStringToObjectFormatterMapperSpec.mm in Sources */ = {isa = PBXBuildFile; fileRef = 31B732D35FF632765BF7553E /* HYDStringToObjectFormatterMapperSpec.mm */; };
		31B73F3BF006004A1B8CED89 /* HYDStringToUUIDFormatterSpec.mm in Sources */ = {isa = PBXBuildFile; fileRef = 31B73DE781942FCF769C315D /* HYDStringToUUIDFormatterSpec.mm */; };
		31B73F5CAE5FD7BEC85F161C /* HYDURLFormatter.m in Sources */ = {isa = PBXBuildFile; fileRef = 31B7397D313A6898E4176400 /* HYDURLFormatter.m */; };
		31B73F8036D2915A0FCB16FE /* HYDConstants.m in Sources */ = {isa = PBXBuildFile; fileRef = 31B73D29858BD4E6F58C5CCB /* HYDConstants.m */; };
		31B73FFAC45B127F0F8A44D2 /* HYDReversedValueTransformerMapperSpec.mm in Sources */ = {isa = PBXBuildFile; fileRef = 31B73C992A885681364E2C27 /* HYDReversedValueTransformerMapperSpec.mm */; };
/* End PBXBuildFile section */

/* Begin PBXContainerItemProxy section */
		1F0A847E183B48DD00EAA4E0 /* PBXContainerItemProxy */ = {
			isa = PBXContainerItemProxy;
			containerPortal = 1F0A8471183B48DC00EAA4E0 /* Cedar.xcodeproj */;
			proxyType = 2;
			remoteGlobalIDString = AEEE1FB611DC271300029872;
			remoteInfo = Cedar;
		};
		1F0A8480183B48DD00EAA4E0 /* PBXContainerItemProxy */ = {
			isa = PBXContainerItemProxy;
			containerPortal = 1F0A8471183B48DC00EAA4E0 /* Cedar.xcodeproj */;
			proxyType = 2;
			remoteGlobalIDString = AEEE218611DC28E200029872;
			remoteInfo = Specs;
		};
		1F0A8482183B48DD00EAA4E0 /* PBXContainerItemProxy */ = {
			isa = PBXContainerItemProxy;
			containerPortal = 1F0A8471183B48DC00EAA4E0 /* Cedar.xcodeproj */;
			proxyType = 2;
			remoteGlobalIDString = 96A07F0813F276640021974D;
			remoteInfo = FocusedSpecs;
		};
		1F0A8484183B48DD00EAA4E0 /* PBXContainerItemProxy */ = {
			isa = PBXContainerItemProxy;
			containerPortal = 1F0A8471183B48DC00EAA4E0 /* Cedar.xcodeproj */;
			proxyType = 2;
			remoteGlobalIDString = AEEE222911DC2B0600029872;
			remoteInfo = "Cedar-StaticLib";
		};
		1F0A8486183B48DD00EAA4E0 /* PBXContainerItemProxy */ = {
			isa = PBXContainerItemProxy;
			containerPortal = 1F0A8471183B48DC00EAA4E0 /* Cedar.xcodeproj */;
			proxyType = 2;
			remoteGlobalIDString = AEEE227611DC2CF900029872;
			remoteInfo = iOSSpecs;
		};
		1F0A8488183B48DD00EAA4E0 /* PBXContainerItemProxy */ = {
			isa = PBXContainerItemProxy;
			containerPortal = 1F0A8471183B48DC00EAA4E0 /* Cedar.xcodeproj */;
			proxyType = 2;
			remoteGlobalIDString = 96B5F9F6144A81A7000A6A5D;
			remoteInfo = OCUnitApp;
		};
		1F0A848A183B48DD00EAA4E0 /* PBXContainerItemProxy */ = {
			isa = PBXContainerItemProxy;
			containerPortal = 1F0A8471183B48DC00EAA4E0 /* Cedar.xcodeproj */;
			proxyType = 2;
			remoteGlobalIDString = 96B5FA11144A81A8000A6A5D;
			remoteInfo = OCUnitAppTests;
		};
		1F0A848C183B48DD00EAA4E0 /* PBXContainerItemProxy */ = {
			isa = PBXContainerItemProxy;
			containerPortal = 1F0A8471183B48DC00EAA4E0 /* Cedar.xcodeproj */;
			proxyType = 2;
			remoteGlobalIDString = 1F45A3DD180E4796003C1E36;
			remoteInfo = XCUnitAppTests;
		};
		1F0A848E183B48DD00EAA4E0 /* PBXContainerItemProxy */ = {
			isa = PBXContainerItemProxy;
			containerPortal = 1F0A8471183B48DC00EAA4E0 /* Cedar.xcodeproj */;
			proxyType = 2;
			remoteGlobalIDString = 96158A86144A915E005895CE;
			remoteInfo = OCUnitAppLogicTests;
		};
		1F3D81601883CDC3006C0CC4 /* PBXContainerItemProxy */ = {
			isa = PBXContainerItemProxy;
			containerPortal = 1F0A8471183B48DC00EAA4E0 /* Cedar.xcodeproj */;
			proxyType = 2;
			remoteGlobalIDString = AE02E7E4184EABCD00414F19;
			remoteInfo = iOSFrameworkSpecs;
		};
		1FA9947F183B4920001E9F2E /* PBXContainerItemProxy */ = {
			isa = PBXContainerItemProxy;
			containerPortal = 1F0A8471183B48DC00EAA4E0 /* Cedar.xcodeproj */;
			proxyType = 1;
			remoteGlobalIDString = AEEE222811DC2B0600029872;
			remoteInfo = "Cedar-StaticLib";
		};
		1FA994C9183CA9F2001E9F2E /* PBXContainerItemProxy */ = {
			isa = PBXContainerItemProxy;
			containerPortal = 1F0A8471183B48DC00EAA4E0 /* Cedar.xcodeproj */;
			proxyType = 1;
			remoteGlobalIDString = AEEE1FB511DC271300029872;
			remoteInfo = Cedar;
		};
/* End PBXContainerItemProxy section */

/* Begin PBXCopyFilesBuildPhase section */
		1F1E3F6D180392ED00801509 /* CopyFiles */ = {
			isa = PBXCopyFilesBuildPhase;
			buildActionMask = 2147483647;
			dstPath = "include/$(PRODUCT_NAME)";
			dstSubfolderSpec = 16;
			files = (
				1FA994A4183C97A8001E9F2E /* HYDBase.h in CopyFiles */,
			);
			runOnlyForDeploymentPostprocessing = 0;
		};
/* End PBXCopyFilesBuildPhase section */

/* Begin PBXFileReference section */
		1F06C040181A2DC90017FDB4 /* HYDBase.h */ = {isa = PBXFileReference; lastKnownFileType = sourcecode.c.h; path = HYDBase.h; sourceTree = "<group>"; };
		1F0A8471183B48DC00EAA4E0 /* Cedar.xcodeproj */ = {isa = PBXFileReference; lastKnownFileType = "wrapper.pb-project"; name = Cedar.xcodeproj; path = cedar/Cedar.xcodeproj; sourceTree = "<group>"; };
		1F12175B188B9BDF00B1CBD1 /* HYDFakeMapper.h */ = {isa = PBXFileReference; fileEncoding = 4; lastKnownFileType = sourcecode.c.h; path = HYDFakeMapper.h; sourceTree = "<group>"; };
		1F12175C188B9BDF00B1CBD1 /* HYDFakeMapper.m */ = {isa = PBXFileReference; fileEncoding = 4; lastKnownFileType = sourcecode.c.objc; lineEnding = 0; path = HYDFakeMapper.m; sourceTree = "<group>"; xcLanguageSpecificationIdentifier = xcode.lang.objc; };
		1F121771188BF3DA00B1CBD1 /* HYDMutableCollection.h */ = {isa = PBXFileReference; lastKnownFileType = sourcecode.c.h; path = HYDMutableCollection.h; sourceTree = "<group>"; };
		1F121776188C94BD00B1CBD1 /* HYDCollectionMapperSpec.mm */ = {isa = PBXFileReference; fileEncoding = 4; lastKnownFileType = sourcecode.cpp.objcpp; path = HYDCollectionMapperSpec.mm; sourceTree = "<group>"; };
		1F121777188C94BD00B1CBD1 /* HYDDateToStringMapperSpec.mm */ = {isa = PBXFileReference; fileEncoding = 4; lastKnownFileType = sourcecode.cpp.objcpp; path = HYDDateToStringMapperSpec.mm; sourceTree = "<group>"; };
		1F121779188C94BD00B1CBD1 /* HYDEnumMapperSpec.mm */ = {isa = PBXFileReference; fileEncoding = 4; lastKnownFileType = sourcecode.cpp.objcpp; path = HYDEnumMapperSpec.mm; sourceTree = "<group>"; };
		1F12177A188C94BD00B1CBD1 /* HYDIdentityMapperSpec.mm */ = {isa = PBXFileReference; fileEncoding = 4; lastKnownFileType = sourcecode.cpp.objcpp; path = HYDIdentityMapperSpec.mm; sourceTree = "<group>"; };
		1F12177B188C94BD00B1CBD1 /* HYDKeyValueMapperSpec.mm */ = {isa = PBXFileReference; fileEncoding = 4; lastKnownFileType = sourcecode.cpp.objcpp; path = HYDKeyValueMapperSpec.mm; sourceTree = "<group>"; };
		1F12177C188C94BD00B1CBD1 /* HYDKeyValuePathMapperSpec.mm */ = {isa = PBXFileReference; fileEncoding = 4; lastKnownFileType = sourcecode.cpp.objcpp; path = HYDKeyValuePathMapperSpec.mm; sourceTree = "<group>"; };
		1F12177D188C94BD00B1CBD1 /* HYDNumberToStringMapperSpec.mm */ = {isa = PBXFileReference; fileEncoding = 4; lastKnownFileType = sourcecode.cpp.objcpp; path = HYDNumberToStringMapperSpec.mm; sourceTree = "<group>"; };
		1F12177E188C94BD00B1CBD1 /* HYDNonFatalMapperSpec.mm */ = {isa = PBXFileReference; fileEncoding = 4; lastKnownFileType = sourcecode.cpp.objcpp; path = HYDNonFatalMapperSpec.mm; sourceTree = "<group>"; };
		1F12177F188C94BD00B1CBD1 /* HYDStringToDateMapperSpec.mm */ = {isa = PBXFileReference; fileEncoding = 4; lastKnownFileType = sourcecode.cpp.objcpp; path = HYDStringToDateMapperSpec.mm; sourceTree = "<group>"; };
		1F121780188C94BD00B1CBD1 /* HYDStringToNumberMapperSpec.mm */ = {isa = PBXFileReference; fileEncoding = 4; lastKnownFileType = sourcecode.cpp.objcpp; path = HYDStringToNumberMapperSpec.mm; sourceTree = "<group>"; };
		1F121781188C94BD00B1CBD1 /* HYDTypedMapperSpec.mm */ = {isa = PBXFileReference; fileEncoding = 4; lastKnownFileType = sourcecode.cpp.objcpp; path = HYDTypedMapperSpec.mm; sourceTree = "<group>"; };
		1F12179A188C94FF00B1CBD1 /* HYDErrorSpec.mm */ = {isa = PBXFileReference; fileEncoding = 4; lastKnownFileType = sourcecode.cpp.objcpp; path = HYDErrorSpec.mm; sourceTree = "<group>"; };
		1F12179E188CBE3500B1CBD1 /* HYDMapperCompositionSpec.mm */ = {isa = PBXFileReference; fileEncoding = 4; lastKnownFileType = sourcecode.cpp.objcpp; path = HYDMapperCompositionSpec.mm; sourceTree = "<group>"; };
		1F1217B2188CC5D700B1CBD1 /* HYDDotNetDateFormatter.h */ = {isa = PBXFileReference; fileEncoding = 4; lastKnownFileType = sourcecode.c.h; path = HYDDotNetDateFormatter.h; sourceTree = "<group>"; };
		1F1217B3188CC5D700B1CBD1 /* HYDDotNetDateFormatter.m */ = {isa = PBXFileReference; fileEncoding = 4; lastKnownFileType = sourcecode.c.objc; path = HYDDotNetDateFormatter.m; sourceTree = "<group>"; };
		1F1217B8188CC60000B1CBD1 /* HYDDotNetDateFormatterSpec.mm */ = {isa = PBXFileReference; fileEncoding = 4; lastKnownFileType = sourcecode.cpp.objcpp; path = HYDDotNetDateFormatterSpec.mm; sourceTree = "<group>"; };
		1F1217BB188E2BEC00B1CBD1 /* HYDCedarMatchers.h */ = {isa = PBXFileReference; lastKnownFileType = sourcecode.c.h; path = HYDCedarMatchers.h; sourceTree = "<group>"; };
		1F1217BC188E351000B1CBD1 /* HYDCedarMatchers.mm */ = {isa = PBXFileReference; fileEncoding = 4; lastKnownFileType = sourcecode.cpp.objcpp; path = HYDCedarMatchers.mm; sourceTree = "<group>"; };
		1F1217C0188E41CA00B1CBD1 /* HYDError+Spec.h */ = {isa = PBXFileReference; fileEncoding = 4; lastKnownFileType = sourcecode.c.h; path = "HYDError+Spec.h"; sourceTree = "<group>"; };
		1F1217C1188E41CA00B1CBD1 /* HYDError+Spec.m */ = {isa = PBXFileReference; fileEncoding = 4; lastKnownFileType = sourcecode.c.objc; path = "HYDError+Spec.m"; sourceTree = "<group>"; };
		1F1217C4188E615200B1CBD1 /* HYDFunctions.h */ = {isa = PBXFileReference; fileEncoding = 4; lastKnownFileType = sourcecode.c.h; path = HYDFunctions.h; sourceTree = "<group>"; };
		1F1217C5188E615200B1CBD1 /* HYDFunctions.m */ = {isa = PBXFileReference; fileEncoding = 4; lastKnownFileType = sourcecode.c.objc; path = HYDFunctions.m; sourceTree = "<group>"; };
		1F1217D9188F88E600B1CBD1 /* HYDFirstMapperSpec.mm */ = {isa = PBXFileReference; fileEncoding = 4; lastKnownFileType = sourcecode.cpp.objcpp; path = HYDFirstMapperSpec.mm; sourceTree = "<group>"; };
		1F1E3F6F180392ED00801509 /* libHydrant.a */ = {isa = PBXFileReference; explicitFileType = archive.ar; includeInIndex = 0; path = libHydrant.a; sourceTree = BUILT_PRODUCTS_DIR; };
		1F1E3F72180392ED00801509 /* Foundation.framework */ = {isa = PBXFileReference; lastKnownFileType = wrapper.framework; name = Foundation.framework; path = System/Library/Frameworks/Foundation.framework; sourceTree = SDKROOT; };
		1F1E3F76180392ED00801509 /* Hydrant-Prefix.pch */ = {isa = PBXFileReference; lastKnownFileType = sourcecode.c.h; path = "Hydrant-Prefix.pch"; sourceTree = "<group>"; };
		1F1E3F9C1803931D00801509 /* Specs.app */ = {isa = PBXFileReference; explicitFileType = wrapper.application; includeInIndex = 0; path = Specs.app; sourceTree = BUILT_PRODUCTS_DIR; };
		1F1E3F9F1803931D00801509 /* CoreGraphics.framework */ = {isa = PBXFileReference; lastKnownFileType = wrapper.framework; name = CoreGraphics.framework; path = System/Library/Frameworks/CoreGraphics.framework; sourceTree = SDKROOT; };
		1F1E3FA31803931D00801509 /* Specs-Info.plist */ = {isa = PBXFileReference; lastKnownFileType = text.plist.xml; path = "Specs-Info.plist"; sourceTree = "<group>"; };
		1F1E3FA51803931D00801509 /* en */ = {isa = PBXFileReference; lastKnownFileType = text.plist.strings; name = en; path = en.lproj/InfoPlist.strings; sourceTree = "<group>"; };
		1F1E3FA71803931D00801509 /* main.m */ = {isa = PBXFileReference; lastKnownFileType = sourcecode.c.objc; path = main.m; sourceTree = "<group>"; };
		1F1E3FA91803931D00801509 /* Specs-Prefix.pch */ = {isa = PBXFileReference; lastKnownFileType = sourcecode.c.h; path = "Specs-Prefix.pch"; sourceTree = "<group>"; };
		1F1E3FB81803966400801509 /* HYDPerson.h */ = {isa = PBXFileReference; fileEncoding = 4; lastKnownFileType = sourcecode.c.h; path = HYDPerson.h; sourceTree = "<group>"; };
		1F1E3FB91803966400801509 /* HYDPerson.m */ = {isa = PBXFileReference; fileEncoding = 4; lastKnownFileType = sourcecode.c.objc; path = HYDPerson.m; sourceTree = "<group>"; };
		1F1E3FC01804EC4E00801509 /* OSXSpecs */ = {isa = PBXFileReference; explicitFileType = "compiled.mach-o.executable"; includeInIndex = 0; path = OSXSpecs; sourceTree = BUILT_PRODUCTS_DIR; };
		1F1E3FC51804EC4E00801509 /* OSXSpecs-Prefix.pch */ = {isa = PBXFileReference; lastKnownFileType = sourcecode.c.h; path = "OSXSpecs-Prefix.pch"; sourceTree = "<group>"; };
		1F1E3FC81804EC4F00801509 /* main.m */ = {isa = PBXFileReference; lastKnownFileType = sourcecode.c.objc; path = main.m; sourceTree = "<group>"; };
		1F205DBB18978EDA007F87AE /* HYDNotNullMapperSpec.mm */ = {isa = PBXFileReference; fileEncoding = 4; lastKnownFileType = sourcecode.cpp.objcpp; path = HYDNotNullMapperSpec.mm; sourceTree = "<group>"; };
		1F28C78C189CB1170083E2D5 /* HYDBlockMapperSpec.mm */ = {isa = PBXFileReference; fileEncoding = 4; lastKnownFileType = sourcecode.cpp.objcpp; path = HYDBlockMapperSpec.mm; sourceTree = "<group>"; };
		1F28C790189CFB770083E2D5 /* HYDWalker.h */ = {isa = PBXFileReference; fileEncoding = 4; lastKnownFileType = sourcecode.c.h; path = HYDWalker.h; sourceTree = "<group>"; };
		1F28C791189CFB770083E2D5 /* HYDWalker.m */ = {isa = PBXFileReference; fileEncoding = 4; lastKnownFileType = sourcecode.c.objc; path = HYDWalker.m; sourceTree = "<group>"; };
		1F28C7AD189E0E8F0083E2D5 /* HYDUUIDFormatter.h */ = {isa = PBXFileReference; fileEncoding = 4; lastKnownFileType = sourcecode.c.h; path = HYDUUIDFormatter.h; sourceTree = "<group>"; };
		1F28C7AE189E0E8F0083E2D5 /* HYDUUIDFormatter.m */ = {isa = PBXFileReference; fileEncoding = 4; lastKnownFileType = sourcecode.c.objc; path = HYDUUIDFormatter.m; sourceTree = "<group>"; };
		1F28C7B2189E0ED10083E2D5 /* HYDUUIDFormatterSpec.mm */ = {isa = PBXFileReference; fileEncoding = 4; lastKnownFileType = sourcecode.cpp.objcpp; path = HYDUUIDFormatterSpec.mm; sourceTree = "<group>"; };
		1F3D813F1883A632006C0CC4 /* Hydrant.h */ = {isa = PBXFileReference; lastKnownFileType = sourcecode.c.h; path = Hydrant.h; sourceTree = "<group>"; };
		1F46F1BF188FBF5400E8D6ED /* HYDStringToURLMapperSpec.mm */ = {isa = PBXFileReference; fileEncoding = 4; lastKnownFileType = sourcecode.cpp.objcpp; path = HYDStringToURLMapperSpec.mm; sourceTree = "<group>"; };
		1F5C80281892468600777C3B /* HYDCollection.h */ = {isa = PBXFileReference; lastKnownFileType = sourcecode.c.h; path = HYDCollection.h; sourceTree = "<group>"; };
		1FA99489183B4A20001E9F2E /* Foundation.framework */ = {isa = PBXFileReference; lastKnownFileType = wrapper.framework; name = Foundation.framework; path = Platforms/MacOSX.platform/Developer/SDKs/MacOSX10.8.sdk/System/Library/Frameworks/Foundation.framework; sourceTree = DEVELOPER_DIR; };
		1FA994B8183CA3B3001E9F2E /* Cedar.framework */ = {isa = PBXFileReference; lastKnownFileType = wrapper.framework; name = Cedar.framework; path = ../../DerivedData/Nimbus/Build/Products/Debug/Cedar.framework; sourceTree = "<group>"; };
		1FB0F65F1883DCDD00120ABC /* HYDError.h */ = {isa = PBXFileReference; fileEncoding = 4; lastKnownFileType = sourcecode.c.h; path = HYDError.h; sourceTree = "<group>"; };
		1FB0F6601883DCDD00120ABC /* HYDError.m */ = {isa = PBXFileReference; fileEncoding = 4; lastKnownFileType = sourcecode.c.objc; path = HYDError.m; sourceTree = "<group>"; };
		1FD4F95718A3220000DA1AD3 /* HYDPostProcessingMapperSpec.mm */ = {isa = PBXFileReference; fileEncoding = 4; lastKnownFileType = sourcecode.cpp.objcpp; path = HYDPostProcessingMapperSpec.mm; sourceTree = "<group>"; };
		1FD4F95F18A35DE500DA1AD3 /* HYDCollection.m */ = {isa = PBXFileReference; fileEncoding = 4; lastKnownFileType = sourcecode.c.objc; path = HYDCollection.m; sourceTree = "<group>"; };
		1FD4F96718A36E9B00DA1AD3 /* HYDMappingOptionalArraysSpec.mm */ = {isa = PBXFileReference; fileEncoding = 4; lastKnownFileType = sourcecode.cpp.objcpp; path = HYDMappingOptionalArraysSpec.mm; sourceTree = "<group>"; };
		1FD4F96F18A3776600DA1AD3 /* HYDOptionalMapper.h */ = {isa = PBXFileReference; fileEncoding = 4; lastKnownFileType = sourcecode.c.h; path = HYDOptionalMapper.h; sourceTree = "<group>"; };
		1FD4F97018A3776600DA1AD3 /* HYDOptionalMapper.m */ = {isa = PBXFileReference; fileEncoding = 4; lastKnownFileType = sourcecode.c.objc; path = HYDOptionalMapper.m; sourceTree = "<group>"; };
		1FD4F97218A3776600DA1AD3 /* HYDCollectionMapper.h */ = {isa = PBXFileReference; fileEncoding = 4; lastKnownFileType = sourcecode.c.h; path = HYDCollectionMapper.h; sourceTree = "<group>"; };
		1FD4F97318A3776600DA1AD3 /* HYDCollectionMapper.m */ = {isa = PBXFileReference; fileEncoding = 4; lastKnownFileType = sourcecode.c.objc; path = HYDCollectionMapper.m; sourceTree = "<group>"; };
		1FD4F97418A3776600DA1AD3 /* HYDFirstMapper.h */ = {isa = PBXFileReference; fileEncoding = 4; lastKnownFileType = sourcecode.c.h; path = HYDFirstMapper.h; sourceTree = "<group>"; };
		1FD4F97518A3776600DA1AD3 /* HYDFirstMapper.m */ = {isa = PBXFileReference; fileEncoding = 4; lastKnownFileType = sourcecode.c.objc; path = HYDFirstMapper.m; sourceTree = "<group>"; };
		1FD4F97618A3776600DA1AD3 /* HYDKeyValueMapper.h */ = {isa = PBXFileReference; fileEncoding = 4; lastKnownFileType = sourcecode.c.h; path = HYDKeyValueMapper.h; sourceTree = "<group>"; };
		1FD4F97718A3776600DA1AD3 /* HYDKeyValueMapper.m */ = {isa = PBXFileReference; fileEncoding = 4; lastKnownFileType = sourcecode.c.objc; path = HYDKeyValueMapper.m; sourceTree = "<group>"; };
		1FD4F97818A3776600DA1AD3 /* HYDKeyValuePathMapper.h */ = {isa = PBXFileReference; fileEncoding = 4; lastKnownFileType = sourcecode.c.h; path = HYDKeyValuePathMapper.h; sourceTree = "<group>"; };
		1FD4F97918A3776600DA1AD3 /* HYDKeyValuePathMapper.m */ = {isa = PBXFileReference; fileEncoding = 4; lastKnownFileType = sourcecode.c.objc; path = HYDKeyValuePathMapper.m; sourceTree = "<group>"; };
		1FD4F97A18A3776600DA1AD3 /* HYDNonFatalMapper.h */ = {isa = PBXFileReference; fileEncoding = 4; lastKnownFileType = sourcecode.c.h; path = HYDNonFatalMapper.h; sourceTree = "<group>"; };
		1FD4F97B18A3776600DA1AD3 /* HYDNonFatalMapper.m */ = {isa = PBXFileReference; fileEncoding = 4; lastKnownFileType = sourcecode.c.objc; path = HYDNonFatalMapper.m; sourceTree = "<group>"; };
		1FD4F97C18A3776600DA1AD3 /* HYDNotNullMapper.h */ = {isa = PBXFileReference; fileEncoding = 4; lastKnownFileType = sourcecode.c.h; path = HYDNotNullMapper.h; sourceTree = "<group>"; };
		1FD4F97D18A3776600DA1AD3 /* HYDNotNullMapper.m */ = {isa = PBXFileReference; fileEncoding = 4; lastKnownFileType = sourcecode.c.objc; path = HYDNotNullMapper.m; sourceTree = "<group>"; };
		1FD4F97E18A3776600DA1AD3 /* HYDTypedMapper.h */ = {isa = PBXFileReference; fileEncoding = 4; lastKnownFileType = sourcecode.c.h; path = HYDTypedMapper.h; sourceTree = "<group>"; };
		1FD4F97F18A3776600DA1AD3 /* HYDTypedMapper.m */ = {isa = PBXFileReference; fileEncoding = 4; lastKnownFileType = sourcecode.c.objc; path = HYDTypedMapper.m; sourceTree = "<group>"; };
		1FD4F98118A3776600DA1AD3 /* HYDEnumMapper.h */ = {isa = PBXFileReference; fileEncoding = 4; lastKnownFileType = sourcecode.c.h; path = HYDEnumMapper.h; sourceTree = "<group>"; };
		1FD4F98218A3776600DA1AD3 /* HYDEnumMapper.m */ = {isa = PBXFileReference; fileEncoding = 4; lastKnownFileType = sourcecode.c.objc; path = HYDEnumMapper.m; sourceTree = "<group>"; };
		1FD4F98318A3776600DA1AD3 /* HYDIdentityMapper.h */ = {isa = PBXFileReference; fileEncoding = 4; lastKnownFileType = sourcecode.c.h; path = HYDIdentityMapper.h; sourceTree = "<group>"; };
		1FD4F98418A3776600DA1AD3 /* HYDIdentityMapper.m */ = {isa = PBXFileReference; fileEncoding = 4; lastKnownFileType = sourcecode.c.objc; path = HYDIdentityMapper.m; sourceTree = "<group>"; };
		1FD4F98518A3776600DA1AD3 /* HYDObjectToStringFormatterMapper.h */ = {isa = PBXFileReference; fileEncoding = 4; lastKnownFileType = sourcecode.c.h; path = HYDObjectToStringFormatterMapper.h; sourceTree = "<group>"; };
		1FD4F98618A3776600DA1AD3 /* HYDObjectToStringFormatterMapper.m */ = {isa = PBXFileReference; fileEncoding = 4; lastKnownFileType = sourcecode.c.objc; path = HYDObjectToStringFormatterMapper.m; sourceTree = "<group>"; };
		1FD4F98718A3776600DA1AD3 /* HYDReversedValueTransformerMapper.h */ = {isa = PBXFileReference; fileEncoding = 4; lastKnownFileType = sourcecode.c.h; path = HYDReversedValueTransformerMapper.h; sourceTree = "<group>"; };
		1FD4F98818A3776600DA1AD3 /* HYDReversedValueTransformerMapper.m */ = {isa = PBXFileReference; fileEncoding = 4; lastKnownFileType = sourcecode.c.objc; path = HYDReversedValueTransformerMapper.m; sourceTree = "<group>"; };
		1FD4F98918A3776600DA1AD3 /* HYDStringToObjectFormatterMapper.h */ = {isa = PBXFileReference; fileEncoding = 4; lastKnownFileType = sourcecode.c.h; path = HYDStringToObjectFormatterMapper.h; sourceTree = "<group>"; };
		1FD4F98A18A3776600DA1AD3 /* HYDStringToObjectFormatterMapper.m */ = {isa = PBXFileReference; fileEncoding = 4; lastKnownFileType = sourcecode.c.objc; path = HYDStringToObjectFormatterMapper.m; sourceTree = "<group>"; };
		1FD4F98B18A3776600DA1AD3 /* HYDValueTransformerMapper.h */ = {isa = PBXFileReference; fileEncoding = 4; lastKnownFileType = sourcecode.c.h; path = HYDValueTransformerMapper.h; sourceTree = "<group>"; };
		1FD4F98C18A3776600DA1AD3 /* HYDValueTransformerMapper.m */ = {isa = PBXFileReference; fileEncoding = 4; lastKnownFileType = sourcecode.c.objc; path = HYDValueTransformerMapper.m; sourceTree = "<group>"; };
		1FD4F98E18A3776600DA1AD3 /* HYDBlockMapper.h */ = {isa = PBXFileReference; fileEncoding = 4; lastKnownFileType = sourcecode.c.h; path = HYDBlockMapper.h; sourceTree = "<group>"; };
		1FD4F98F18A3776600DA1AD3 /* HYDBlockMapper.m */ = {isa = PBXFileReference; fileEncoding = 4; lastKnownFileType = sourcecode.c.objc; path = HYDBlockMapper.m; sourceTree = "<group>"; };
		1FD4F99018A3776600DA1AD3 /* HYDPostProcessingMapper.h */ = {isa = PBXFileReference; fileEncoding = 4; lastKnownFileType = sourcecode.c.h; path = HYDPostProcessingMapper.h; sourceTree = "<group>"; };
		1FD4F99118A3776600DA1AD3 /* HYDPostProcessingMapper.m */ = {isa = PBXFileReference; fileEncoding = 4; lastKnownFileType = sourcecode.c.objc; path = HYDPostProcessingMapper.m; sourceTree = "<group>"; };
		1FDAC11618121F6900846B44 /* HYDClassInspector.h */ = {isa = PBXFileReference; fileEncoding = 4; lastKnownFileType = sourcecode.c.h; path = HYDClassInspector.h; sourceTree = "<group>"; };
		1FDAC11718121F6900846B44 /* HYDClassInspector.m */ = {isa = PBXFileReference; fileEncoding = 4; lastKnownFileType = sourcecode.c.objc; path = HYDClassInspector.m; sourceTree = "<group>"; };
		1FDAC11818121F6900846B44 /* HYDProperty.h */ = {isa = PBXFileReference; fileEncoding = 4; lastKnownFileType = sourcecode.c.h; path = HYDProperty.h; sourceTree = "<group>"; };
		1FDAC11918121F6900846B44 /* HYDProperty.m */ = {isa = PBXFileReference; fileEncoding = 4; lastKnownFileType = sourcecode.c.objc; path = HYDProperty.m; sourceTree = "<group>"; };
		1FEC76411890FB5F003687EF /* HYDFakeFormatter.h */ = {isa = PBXFileReference; fileEncoding = 4; lastKnownFileType = sourcecode.c.h; path = HYDFakeFormatter.h; sourceTree = "<group>"; };
		1FEC76421890FB5F003687EF /* HYDFakeFormatter.m */ = {isa = PBXFileReference; fileEncoding = 4; lastKnownFileType = sourcecode.c.objc; path = HYDFakeFormatter.m; sourceTree = "<group>"; };
		1FEC764E1890FE20003687EF /* HYDSharedMapperExamplesSpec.mm */ = {isa = PBXFileReference; fileEncoding = 4; lastKnownFileType = sourcecode.cpp.objcpp; path = HYDSharedMapperExamplesSpec.mm; sourceTree = "<group>"; };
		1FEC76511891B5D6003687EF /* HYDFactory.h */ = {isa = PBXFileReference; fileEncoding = 4; lastKnownFileType = sourcecode.c.h; path = HYDFactory.h; sourceTree = "<group>"; };
		1FEC76521891B5D6003687EF /* HYDObjectFactory.h */ = {isa = PBXFileReference; fileEncoding = 4; lastKnownFileType = sourcecode.c.h; path = HYDObjectFactory.h; sourceTree = "<group>"; };
		1FEC76531891B5D6003687EF /* HYDObjectFactory.m */ = {isa = PBXFileReference; fileEncoding = 4; lastKnownFileType = sourcecode.c.objc; path = HYDObjectFactory.m; sourceTree = "<group>"; };
		31B731028171F729BC114806 /* HYDMapper.h */ = {isa = PBXFileReference; fileEncoding = 4; lastKnownFileType = sourcecode.c.h; path = HYDMapper.h; sourceTree = "<group>"; };
		31B73129C7706E80BEBA8B87 /* HYDValueTransformerMapperSpec.mm */ = {isa = PBXFileReference; fileEncoding = 4; lastKnownFileType = sourcecode.cpp.objcpp; path = HYDValueTransformerMapperSpec.mm; sourceTree = "<group>"; };
		31B732D35FF632765BF7553E /* HYDStringToObjectFormatterMapperSpec.mm */ = {isa = PBXFileReference; fileEncoding = 4; lastKnownFileType = sourcecode.cpp.objcpp; path = HYDStringToObjectFormatterMapperSpec.mm; sourceTree = "<group>"; };
		31B732F3FAC8BA4B7A906AC8 /* HYDObjectToStringFormatterMapperSpec.mm */ = {isa = PBXFileReference; fileEncoding = 4; lastKnownFileType = sourcecode.cpp.objcpp; path = HYDObjectToStringFormatterMapperSpec.mm; sourceTree = "<group>"; };
		31B73577D16E5682DD477EED /* HYDURLFormatter.h */ = {isa = PBXFileReference; fileEncoding = 4; lastKnownFileType = sourcecode.c.h; path = HYDURLFormatter.h; sourceTree = "<group>"; };
		31B7397D313A6898E4176400 /* HYDURLFormatter.m */ = {isa = PBXFileReference; fileEncoding = 4; lastKnownFileType = sourcecode.c.objc; path = HYDURLFormatter.m; sourceTree = "<group>"; };
		31B73ACC4547861B46F7ACA3 /* HYDConstants.h */ = {isa = PBXFileReference; fileEncoding = 4; lastKnownFileType = sourcecode.c.h; path = HYDConstants.h; sourceTree = "<group>"; };
		31B73BB2645646B5AA1104EB /* HYDUUIDToStringFormatterSpec.mm */ = {isa = PBXFileReference; fileEncoding = 4; lastKnownFileType = sourcecode.cpp.objcpp; path = HYDUUIDToStringFormatterSpec.mm; sourceTree = "<group>"; };
		31B73C992A885681364E2C27 /* HYDReversedValueTransformerMapperSpec.mm */ = {isa = PBXFileReference; fileEncoding = 4; lastKnownFileType = sourcecode.cpp.objcpp; path = HYDReversedValueTransformerMapperSpec.mm; sourceTree = "<group>"; };
		31B73D29858BD4E6F58C5CCB /* HYDConstants.m */ = {isa = PBXFileReference; fileEncoding = 4; lastKnownFileType = sourcecode.c.objc; path = HYDConstants.m; sourceTree = "<group>"; };
		31B73DE781942FCF769C315D /* HYDStringToUUIDFormatterSpec.mm */ = {isa = PBXFileReference; fileEncoding = 4; lastKnownFileType = sourcecode.cpp.objcpp; path = HYDStringToUUIDFormatterSpec.mm; sourceTree = "<group>"; };
		31B73E84261EC3C66D60CB3A /* HYDIrreversableValueTransformer.h */ = {isa = PBXFileReference; fileEncoding = 4; lastKnownFileType = sourcecode.c.h; path = HYDIrreversableValueTransformer.h; sourceTree = "<group>"; };
		31B73F6420CA7DA9E0CDCDD9 /* HYDIrreversableValueTransformer.m */ = {isa = PBXFileReference; fileEncoding = 4; lastKnownFileType = sourcecode.c.objc; path = HYDIrreversableValueTransformer.m; sourceTree = "<group>"; };
		31B73FC419537BD73A01857E /* HYDURLFormatterSpec.mm */ = {isa = PBXFileReference; fileEncoding = 4; lastKnownFileType = sourcecode.cpp.objcpp; path = HYDURLFormatterSpec.mm; sourceTree = "<group>"; };
/* End PBXFileReference section */

/* Begin PBXFrameworksBuildPhase section */
		1F1E3F6C180392ED00801509 /* Frameworks */ = {
			isa = PBXFrameworksBuildPhase;
			buildActionMask = 2147483647;
			files = (
				1F1E3F73180392ED00801509 /* Foundation.framework in Frameworks */,
			);
			runOnlyForDeploymentPostprocessing = 0;
		};
		1F1E3F991803931D00801509 /* Frameworks */ = {
			isa = PBXFrameworksBuildPhase;
			buildActionMask = 2147483647;
			files = (
				1FA99484183B49FA001E9F2E /* libCedar-StaticLib.a in Frameworks */,
				1F1E3FA01803931D00801509 /* CoreGraphics.framework in Frameworks */,
				1F1E3F9E1803931D00801509 /* Foundation.framework in Frameworks */,
			);
			runOnlyForDeploymentPostprocessing = 0;
		};
		1F1E3FBE1804EC4E00801509 /* Frameworks */ = {
			isa = PBXFrameworksBuildPhase;
			buildActionMask = 2147483647;
			files = (
				1FA994C8183CA9EF001E9F2E /* Cedar.framework in Frameworks */,
				1FA9948A183B4A20001E9F2E /* Foundation.framework in Frameworks */,
			);
			runOnlyForDeploymentPostprocessing = 0;
		};
/* End PBXFrameworksBuildPhase section */

/* Begin PBXGroup section */
		1F0A8470183B48B100EAA4E0 /* Externals */ = {
			isa = PBXGroup;
			children = (
				1F0A8471183B48DC00EAA4E0 /* Cedar.xcodeproj */,
			);
			path = Externals;
			sourceTree = "<group>";
		};
		1F0A8472183B48DC00EAA4E0 /* Products */ = {
			isa = PBXGroup;
			children = (
				1F0A847F183B48DD00EAA4E0 /* Cedar.framework */,
				1F0A8481183B48DD00EAA4E0 /* Specs */,
				1F0A8483183B48DD00EAA4E0 /* FocusedSpecs */,
				1F0A8485183B48DD00EAA4E0 /* libCedar-StaticLib.a */,
				1F0A8487183B48DD00EAA4E0 /* iOSSpecs.app */,
				1F3D81611883CDC3006C0CC4 /* iOSFrameworkSpecs.app */,
				1F0A8489183B48DD00EAA4E0 /* OCUnitApp.app */,
				1F0A848B183B48DD00EAA4E0 /* OCUnitAppTests.octest */,
				1F0A848D183B48DD00EAA4E0 /* XCUnitAppTests.xctest */,
				1F0A848F183B48DD00EAA4E0 /* OCUnitAppLogicTests.octest */,
			);
			name = Products;
			sourceTree = "<group>";
		};
		1F121775188C949E00B1CBD1 /* Mappers */ = {
			isa = PBXGroup;
			children = (
				1F121776188C94BD00B1CBD1 /* HYDCollectionMapperSpec.mm */,
				1F121777188C94BD00B1CBD1 /* HYDDateToStringMapperSpec.mm */,
				1F121779188C94BD00B1CBD1 /* HYDEnumMapperSpec.mm */,
				1F1217D9188F88E600B1CBD1 /* HYDFirstMapperSpec.mm */,
				1F12177A188C94BD00B1CBD1 /* HYDIdentityMapperSpec.mm */,
				1F12177B188C94BD00B1CBD1 /* HYDKeyValueMapperSpec.mm */,
				1F12177C188C94BD00B1CBD1 /* HYDKeyValuePathMapperSpec.mm */,
				1F205DBB18978EDA007F87AE /* HYDNotNullMapperSpec.mm */,
				1F12177D188C94BD00B1CBD1 /* HYDNumberToStringMapperSpec.mm */,
				31B732F3FAC8BA4B7A906AC8 /* HYDObjectToStringFormatterMapperSpec.mm */,
				1F12177E188C94BD00B1CBD1 /* HYDNonFatalMapperSpec.mm */,
				31B73C992A885681364E2C27 /* HYDReversedValueTransformerMapperSpec.mm */,
				1F12177F188C94BD00B1CBD1 /* HYDStringToDateMapperSpec.mm */,
				1F121780188C94BD00B1CBD1 /* HYDStringToNumberMapperSpec.mm */,
				31B732D35FF632765BF7553E /* HYDStringToObjectFormatterMapperSpec.mm */,
				1F46F1BF188FBF5400E8D6ED /* HYDStringToURLMapperSpec.mm */,
				1F121781188C94BD00B1CBD1 /* HYDTypedMapperSpec.mm */,
				31B73129C7706E80BEBA8B87 /* HYDValueTransformerMapperSpec.mm */,
				1F28C78C189CB1170083E2D5 /* HYDBlockMapperSpec.mm */,
				31B73DE781942FCF769C315D /* HYDStringToUUIDFormatterSpec.mm */,
				31B73BB2645646B5AA1104EB /* HYDUUIDToStringFormatterSpec.mm */,
				1FD4F95718A3220000DA1AD3 /* HYDPostProcessingMapperSpec.mm */,
			);
			path = Mappers;
			sourceTree = "<group>";
		};
		1F12179D188CBE1A00B1CBD1 /* Integration */ = {
			isa = PBXGroup;
			children = (
				1F12179E188CBE3500B1CBD1 /* HYDMapperCompositionSpec.mm */,
				1FD4F96718A36E9B00DA1AD3 /* HYDMappingOptionalArraysSpec.mm */,
			);
			path = Integration;
			sourceTree = "<group>";
		};
		1F1217A8188CC59000B1CBD1 /* Formatters */ = {
			isa = PBXGroup;
			children = (
				1F1217B2188CC5D700B1CBD1 /* HYDDotNetDateFormatter.h */,
				1F1217B3188CC5D700B1CBD1 /* HYDDotNetDateFormatter.m */,
				31B73577D16E5682DD477EED /* HYDURLFormatter.h */,
				31B7397D313A6898E4176400 /* HYDURLFormatter.m */,
				1F28C7AD189E0E8F0083E2D5 /* HYDUUIDFormatter.h */,
				1F28C7AE189E0E8F0083E2D5 /* HYDUUIDFormatter.m */,
			);
			path = Formatters;
			sourceTree = "<group>";
		};
		1F1217B7188CC5E100B1CBD1 /* Formatters */ = {
			isa = PBXGroup;
			children = (
				1F1217B8188CC60000B1CBD1 /* HYDDotNetDateFormatterSpec.mm */,
				31B73FC419537BD73A01857E /* HYDURLFormatterSpec.mm */,
				1F28C7B2189E0ED10083E2D5 /* HYDUUIDFormatterSpec.mm */,
			);
			path = Formatters;
			sourceTree = "<group>";
		};
		1F1217BF188E41B700B1CBD1 /* Extensions */ = {
			isa = PBXGroup;
			children = (
				1F1217C0188E41CA00B1CBD1 /* HYDError+Spec.h */,
				1F1217C1188E41CA00B1CBD1 /* HYDError+Spec.m */,
			);
			path = Extensions;
			sourceTree = "<group>";
		};
		1F1E3F66180392ED00801509 = {
			isa = PBXGroup;
			children = (
				1F0A8470183B48B100EAA4E0 /* Externals */,
				1F1E3F74180392ED00801509 /* Hydrant */,
				1F1E3FA11803931D00801509 /* Specs */,
				1F1E3FC21804EC4E00801509 /* OSXSpecs */,
				1F1E3F71180392ED00801509 /* Frameworks */,
				1F1E3F70180392ED00801509 /* Products */,
			);
			sourceTree = "<group>";
		};
		1F1E3F70180392ED00801509 /* Products */ = {
			isa = PBXGroup;
			children = (
				1F1E3F6F180392ED00801509 /* libHydrant.a */,
				1F1E3F9C1803931D00801509 /* Specs.app */,
				1F1E3FC01804EC4E00801509 /* OSXSpecs */,
			);
			name = Products;
			sourceTree = "<group>";
		};
		1F1E3F71180392ED00801509 /* Frameworks */ = {
			isa = PBXGroup;
			children = (
				1FA994B8183CA3B3001E9F2E /* Cedar.framework */,
				1FA99489183B4A20001E9F2E /* Foundation.framework */,
				1F1E3F72180392ED00801509 /* Foundation.framework */,
				1F1E3F9F1803931D00801509 /* CoreGraphics.framework */,
			);
			name = Frameworks;
			sourceTree = "<group>";
		};
		1F1E3F74180392ED00801509 /* Hydrant */ = {
			isa = PBXGroup;
			children = (
				1FFE000A180A3539007BD0FA /* Private */,
				1F1E3FB51803959100801509 /* Public */,
				1F1E3F75180392ED00801509 /* Supporting Files */,
			);
			path = Hydrant;
			sourceTree = "<group>";
		};
		1F1E3F75180392ED00801509 /* Supporting Files */ = {
			isa = PBXGroup;
			children = (
				1F1E3F76180392ED00801509 /* Hydrant-Prefix.pch */,
			);
			name = "Supporting Files";
			sourceTree = "<group>";
		};
		1F1E3FA11803931D00801509 /* Specs */ = {
			isa = PBXGroup;
			children = (
				1F1217BF188E41B700B1CBD1 /* Extensions */,
				1F12179D188CBE1A00B1CBD1 /* Integration */,
				1F1E3FB71803962D00801509 /* Helpers */,
				1F1E3FB61803959700801509 /* Public */,
				1F1E3FA21803931D00801509 /* Supporting Files */,
			);
			path = Specs;
			sourceTree = "<group>";
		};
		1F1E3FA21803931D00801509 /* Supporting Files */ = {
			isa = PBXGroup;
			children = (
				1F1E3FA31803931D00801509 /* Specs-Info.plist */,
				1F1E3FA41803931D00801509 /* InfoPlist.strings */,
				1F1E3FA71803931D00801509 /* main.m */,
				1F1E3FA91803931D00801509 /* Specs-Prefix.pch */,
			);
			name = "Supporting Files";
			sourceTree = "<group>";
		};
		1F1E3FB51803959100801509 /* Public */ = {
			isa = PBXGroup;
			children = (
				1F1217A8188CC59000B1CBD1 /* Formatters */,
				1F06C040181A2DC90017FDB4 /* HYDBase.h */,
				1F5C80281892468600777C3B /* HYDCollection.h */,
				1FD4F95F18A35DE500DA1AD3 /* HYDCollection.m */,
				31B73ACC4547861B46F7ACA3 /* HYDConstants.h */,
				31B73D29858BD4E6F58C5CCB /* HYDConstants.m */,
				1FB0F65F1883DCDD00120ABC /* HYDError.h */,
				1FB0F6601883DCDD00120ABC /* HYDError.m */,
				31B731028171F729BC114806 /* HYDMapper.h */,
				1F121771188BF3DA00B1CBD1 /* HYDMutableCollection.h */,
				1F3D813F1883A632006C0CC4 /* Hydrant.h */,
				1FB0F6691883F9C600120ABC /* Mappers */,
			);
			path = Public;
			sourceTree = "<group>";
		};
		1F1E3FB61803959700801509 /* Public */ = {
			isa = PBXGroup;
			children = (
				1F1217B7188CC5E100B1CBD1 /* Formatters */,
				1F121775188C949E00B1CBD1 /* Mappers */,
				1F12179A188C94FF00B1CBD1 /* HYDErrorSpec.mm */,
			);
			path = Public;
			sourceTree = "<group>";
		};
		1F1E3FB71803962D00801509 /* Helpers */ = {
			isa = PBXGroup;
			children = (
				1F1217BB188E2BEC00B1CBD1 /* HYDCedarMatchers.h */,
				1F1217BC188E351000B1CBD1 /* HYDCedarMatchers.mm */,
				1F12175B188B9BDF00B1CBD1 /* HYDFakeMapper.h */,
				1F12175C188B9BDF00B1CBD1 /* HYDFakeMapper.m */,
				1F1E3FB81803966400801509 /* HYDPerson.h */,
				1F1E3FB91803966400801509 /* HYDPerson.m */,
				1FEC76411890FB5F003687EF /* HYDFakeFormatter.h */,
				1FEC76421890FB5F003687EF /* HYDFakeFormatter.m */,
				1FEC764E1890FE20003687EF /* HYDSharedMapperExamplesSpec.mm */,
				31B73F6420CA7DA9E0CDCDD9 /* HYDIrreversableValueTransformer.m */,
				31B73E84261EC3C66D60CB3A /* HYDIrreversableValueTransformer.h */,
			);
			path = Helpers;
			sourceTree = "<group>";
		};
		1F1E3FC21804EC4E00801509 /* OSXSpecs */ = {
			isa = PBXGroup;
			children = (
				1F1E3FC81804EC4F00801509 /* main.m */,
				1F1E3FC41804EC4E00801509 /* Supporting Files */,
			);
			path = OSXSpecs;
			sourceTree = "<group>";
		};
		1F1E3FC41804EC4E00801509 /* Supporting Files */ = {
			isa = PBXGroup;
			children = (
				1F1E3FC51804EC4E00801509 /* OSXSpecs-Prefix.pch */,
			);
			name = "Supporting Files";
			sourceTree = "<group>";
		};
		1FB0F6691883F9C600120ABC /* Mappers */ = {
			isa = PBXGroup;
			children = (
				1FD4F96E18A3776600DA1AD3 /* Composed */,
				1FD4F97118A3776600DA1AD3 /* Containers */,
				1FD4F98018A3776600DA1AD3 /* Core */,
				1FD4F98D18A3776600DA1AD3 /* EscapeHatch */,
			);
			path = Mappers;
			sourceTree = "<group>";
		};
		1FD4F96E18A3776600DA1AD3 /* Composed */ = {
			isa = PBXGroup;
			children = (
				1FD4F96F18A3776600DA1AD3 /* HYDOptionalMapper.h */,
				1FD4F97018A3776600DA1AD3 /* HYDOptionalMapper.m */,
			);
			path = Composed;
			sourceTree = "<group>";
		};
		1FD4F97118A3776600DA1AD3 /* Containers */ = {
			isa = PBXGroup;
			children = (
				1FD4F97218A3776600DA1AD3 /* HYDCollectionMapper.h */,
				1FD4F97318A3776600DA1AD3 /* HYDCollectionMapper.m */,
				1FD4F97418A3776600DA1AD3 /* HYDFirstMapper.h */,
				1FD4F97518A3776600DA1AD3 /* HYDFirstMapper.m */,
				1FD4F97618A3776600DA1AD3 /* HYDKeyValueMapper.h */,
				1FD4F97718A3776600DA1AD3 /* HYDKeyValueMapper.m */,
				1FD4F97818A3776600DA1AD3 /* HYDKeyValuePathMapper.h */,
				1FD4F97918A3776600DA1AD3 /* HYDKeyValuePathMapper.m */,
				1FD4F97A18A3776600DA1AD3 /* HYDNonFatalMapper.h */,
				1FD4F97B18A3776600DA1AD3 /* HYDNonFatalMapper.m */,
				1FD4F97C18A3776600DA1AD3 /* HYDNotNullMapper.h */,
				1FD4F97D18A3776600DA1AD3 /* HYDNotNullMapper.m */,
				1FD4F97E18A3776600DA1AD3 /* HYDTypedMapper.h */,
				1FD4F97F18A3776600DA1AD3 /* HYDTypedMapper.m */,
			);
			path = Containers;
			sourceTree = "<group>";
		};
		1FD4F98018A3776600DA1AD3 /* Core */ = {
			isa = PBXGroup;
			children = (
				1FD4F98118A3776600DA1AD3 /* HYDEnumMapper.h */,
				1FD4F98218A3776600DA1AD3 /* HYDEnumMapper.m */,
				1FD4F98318A3776600DA1AD3 /* HYDIdentityMapper.h */,
				1FD4F98418A3776600DA1AD3 /* HYDIdentityMapper.m */,
				1FD4F98518A3776600DA1AD3 /* HYDObjectToStringFormatterMapper.h */,
				1FD4F98618A3776600DA1AD3 /* HYDObjectToStringFormatterMapper.m */,
				1FD4F98718A3776600DA1AD3 /* HYDReversedValueTransformerMapper.h */,
				1FD4F98818A3776600DA1AD3 /* HYDReversedValueTransformerMapper.m */,
				1FD4F98918A3776600DA1AD3 /* HYDStringToObjectFormatterMapper.h */,
				1FD4F98A18A3776600DA1AD3 /* HYDStringToObjectFormatterMapper.m */,
				1FD4F98B18A3776600DA1AD3 /* HYDValueTransformerMapper.h */,
				1FD4F98C18A3776600DA1AD3 /* HYDValueTransformerMapper.m */,
			);
			path = Core;
			sourceTree = "<group>";
		};
		1FD4F98D18A3776600DA1AD3 /* EscapeHatch */ = {
			isa = PBXGroup;
			children = (
				1FD4F98E18A3776600DA1AD3 /* HYDBlockMapper.h */,
				1FD4F98F18A3776600DA1AD3 /* HYDBlockMapper.m */,
				1FD4F99018A3776600DA1AD3 /* HYDPostProcessingMapper.h */,
				1FD4F99118A3776600DA1AD3 /* HYDPostProcessingMapper.m */,
			);
			path = EscapeHatch;
			sourceTree = "<group>";
		};
		1FFE000A180A3539007BD0FA /* Private */ = {
			isa = PBXGroup;
			children = (
				1FEC76511891B5D6003687EF /* HYDFactory.h */,
				1FEC76521891B5D6003687EF /* HYDObjectFactory.h */,
				1FEC76531891B5D6003687EF /* HYDObjectFactory.m */,
				1FDAC11618121F6900846B44 /* HYDClassInspector.h */,
				1FDAC11718121F6900846B44 /* HYDClassInspector.m */,
				1F1217C4188E615200B1CBD1 /* HYDFunctions.h */,
				1F1217C5188E615200B1CBD1 /* HYDFunctions.m */,
				1FDAC11818121F6900846B44 /* HYDProperty.h */,
				1FDAC11918121F6900846B44 /* HYDProperty.m */,
				1F28C790189CFB770083E2D5 /* HYDWalker.h */,
				1F28C791189CFB770083E2D5 /* HYDWalker.m */,
			);
			path = Private;
			sourceTree = "<group>";
		};
/* End PBXGroup section */

/* Begin PBXNativeTarget section */
		1F1E3F6E180392ED00801509 /* Hydrant */ = {
			isa = PBXNativeTarget;
			buildConfigurationList = 1F1E3F92180392ED00801509 /* Build configuration list for PBXNativeTarget "Hydrant" */;
			buildPhases = (
				1F1E3F6B180392ED00801509 /* Sources */,
				1F1E3F6C180392ED00801509 /* Frameworks */,
				1F1E3F6D180392ED00801509 /* CopyFiles */,
			);
			buildRules = (
			);
			dependencies = (
			);
			name = Hydrant;
			productName = Hydrant;
			productReference = 1F1E3F6F180392ED00801509 /* libHydrant.a */;
			productType = "com.apple.product-type.library.static";
		};
		1F1E3F9B1803931D00801509 /* Specs */ = {
			isa = PBXNativeTarget;
			buildConfigurationList = 1F1E3FAF1803931D00801509 /* Build configuration list for PBXNativeTarget "Specs" */;
			buildPhases = (
				1F1E3F981803931D00801509 /* Sources */,
				1F1E3F991803931D00801509 /* Frameworks */,
				1F1E3F9A1803931D00801509 /* Resources */,
			);
			buildRules = (
			);
			dependencies = (
				1FA99480183B4920001E9F2E /* PBXTargetDependency */,
			);
			name = Specs;
			productName = Specs;
			productReference = 1F1E3F9C1803931D00801509 /* Specs.app */;
			productType = "com.apple.product-type.application";
		};
		1F1E3FBF1804EC4E00801509 /* OSXSpecs */ = {
			isa = PBXNativeTarget;
			buildConfigurationList = 1F1E3FCC1804EC4F00801509 /* Build configuration list for PBXNativeTarget "OSXSpecs" */;
			buildPhases = (
				1F1E3FBD1804EC4E00801509 /* Sources */,
				1F1E3FBE1804EC4E00801509 /* Frameworks */,
			);
			buildRules = (
			);
			dependencies = (
				1FA994CA183CA9F2001E9F2E /* PBXTargetDependency */,
			);
			name = OSXSpecs;
			productName = OSXSpecs;
			productReference = 1F1E3FC01804EC4E00801509 /* OSXSpecs */;
			productType = "com.apple.product-type.tool";
		};
/* End PBXNativeTarget section */

/* Begin PBXProject section */
		1F1E3F67180392ED00801509 /* Project object */ = {
			isa = PBXProject;
			attributes = {
				CLASSPREFIX = HYD;
				LastUpgradeCheck = 0500;
				ORGANIZATIONNAME = "Jeff Hui";
			};
			buildConfigurationList = 1F1E3F6A180392ED00801509 /* Build configuration list for PBXProject "Hydrant" */;
			compatibilityVersion = "Xcode 3.2";
			developmentRegion = English;
			hasScannedForEncodings = 0;
			knownRegions = (
				en,
			);
			mainGroup = 1F1E3F66180392ED00801509;
			productRefGroup = 1F1E3F70180392ED00801509 /* Products */;
			projectDirPath = "";
			projectReferences = (
				{
					ProductGroup = 1F0A8472183B48DC00EAA4E0 /* Products */;
					ProjectRef = 1F0A8471183B48DC00EAA4E0 /* Cedar.xcodeproj */;
				},
			);
			projectRoot = "";
			targets = (
				1F1E3F6E180392ED00801509 /* Hydrant */,
				1F1E3F9B1803931D00801509 /* Specs */,
				1F1E3FBF1804EC4E00801509 /* OSXSpecs */,
			);
		};
/* End PBXProject section */

/* Begin PBXReferenceProxy section */
		1F0A847F183B48DD00EAA4E0 /* Cedar.framework */ = {
			isa = PBXReferenceProxy;
			fileType = wrapper.framework;
			path = Cedar.framework;
			remoteRef = 1F0A847E183B48DD00EAA4E0 /* PBXContainerItemProxy */;
			sourceTree = BUILT_PRODUCTS_DIR;
		};
		1F0A8481183B48DD00EAA4E0 /* Specs */ = {
			isa = PBXReferenceProxy;
			fileType = "compiled.mach-o.executable";
			path = Specs;
			remoteRef = 1F0A8480183B48DD00EAA4E0 /* PBXContainerItemProxy */;
			sourceTree = BUILT_PRODUCTS_DIR;
		};
		1F0A8483183B48DD00EAA4E0 /* FocusedSpecs */ = {
			isa = PBXReferenceProxy;
			fileType = "compiled.mach-o.executable";
			path = FocusedSpecs;
			remoteRef = 1F0A8482183B48DD00EAA4E0 /* PBXContainerItemProxy */;
			sourceTree = BUILT_PRODUCTS_DIR;
		};
		1F0A8485183B48DD00EAA4E0 /* libCedar-StaticLib.a */ = {
			isa = PBXReferenceProxy;
			fileType = archive.ar;
			path = "libCedar-StaticLib.a";
			remoteRef = 1F0A8484183B48DD00EAA4E0 /* PBXContainerItemProxy */;
			sourceTree = BUILT_PRODUCTS_DIR;
		};
		1F0A8487183B48DD00EAA4E0 /* iOSSpecs.app */ = {
			isa = PBXReferenceProxy;
			fileType = wrapper.application;
			path = iOSSpecs.app;
			remoteRef = 1F0A8486183B48DD00EAA4E0 /* PBXContainerItemProxy */;
			sourceTree = BUILT_PRODUCTS_DIR;
		};
		1F0A8489183B48DD00EAA4E0 /* OCUnitApp.app */ = {
			isa = PBXReferenceProxy;
			fileType = wrapper.application;
			path = OCUnitApp.app;
			remoteRef = 1F0A8488183B48DD00EAA4E0 /* PBXContainerItemProxy */;
			sourceTree = BUILT_PRODUCTS_DIR;
		};
		1F0A848B183B48DD00EAA4E0 /* OCUnitAppTests.octest */ = {
			isa = PBXReferenceProxy;
			fileType = wrapper.cfbundle;
			path = OCUnitAppTests.octest;
			remoteRef = 1F0A848A183B48DD00EAA4E0 /* PBXContainerItemProxy */;
			sourceTree = BUILT_PRODUCTS_DIR;
		};
		1F0A848D183B48DD00EAA4E0 /* XCUnitAppTests.xctest */ = {
			isa = PBXReferenceProxy;
			fileType = wrapper.cfbundle;
			path = XCUnitAppTests.xctest;
			remoteRef = 1F0A848C183B48DD00EAA4E0 /* PBXContainerItemProxy */;
			sourceTree = BUILT_PRODUCTS_DIR;
		};
		1F0A848F183B48DD00EAA4E0 /* OCUnitAppLogicTests.octest */ = {
			isa = PBXReferenceProxy;
			fileType = wrapper.cfbundle;
			path = OCUnitAppLogicTests.octest;
			remoteRef = 1F0A848E183B48DD00EAA4E0 /* PBXContainerItemProxy */;
			sourceTree = BUILT_PRODUCTS_DIR;
		};
		1F3D81611883CDC3006C0CC4 /* iOSFrameworkSpecs.app */ = {
			isa = PBXReferenceProxy;
			fileType = wrapper.application;
			path = iOSFrameworkSpecs.app;
			remoteRef = 1F3D81601883CDC3006C0CC4 /* PBXContainerItemProxy */;
			sourceTree = BUILT_PRODUCTS_DIR;
		};
/* End PBXReferenceProxy section */

/* Begin PBXResourcesBuildPhase section */
		1F1E3F9A1803931D00801509 /* Resources */ = {
			isa = PBXResourcesBuildPhase;
			buildActionMask = 2147483647;
			files = (
				1F1E3FA61803931D00801509 /* InfoPlist.strings in Resources */,
			);
			runOnlyForDeploymentPostprocessing = 0;
		};
/* End PBXResourcesBuildPhase section */

/* Begin PBXSourcesBuildPhase section */
		1F1E3F6B180392ED00801509 /* Sources */ = {
			isa = PBXSourcesBuildPhase;
			buildActionMask = 2147483647;
			files = (
				1FD4F9B918A3776600DA1AD3 /* HYDValueTransformerMapper.m in Sources */,
				1FD4F99518A3776600DA1AD3 /* HYDCollectionMapper.m in Sources */,
				1FD4F99E18A3776600DA1AD3 /* HYDKeyValuePathMapper.m in Sources */,
				1FD4F9AA18A3776600DA1AD3 /* HYDEnumMapper.m in Sources */,
				1FD4F99818A3776600DA1AD3 /* HYDFirstMapper.m in Sources */,
				1FEC76541891B5D6003687EF /* HYDObjectFactory.m in Sources */,
				1FDAC11D18121F6900846B44 /* HYDProperty.m in Sources */,
				1FD4F9B618A3776600DA1AD3 /* HYDStringToObjectFormatterMapper.m in Sources */,
				1FB0F6611883DCDD00120ABC /* HYDError.m in Sources */,
				1F1217B4188CC5D700B1CBD1 /* HYDDotNetDateFormatter.m in Sources */,
				1FD4F9A718A3776600DA1AD3 /* HYDTypedMapper.m in Sources */,
				1FD4F96018A35DE500DA1AD3 /* HYDCollection.m in Sources */,
				1FDAC11A18121F6900846B44 /* HYDClassInspector.m in Sources */,
				1FD4F9B018A3776600DA1AD3 /* HYDObjectToStringFormatterMapper.m in Sources */,
				1FD4F9BC18A3776600DA1AD3 /* HYDBlockMapper.m in Sources */,
				1FD4F9A418A3776600DA1AD3 /* HYDNotNullMapper.m in Sources */,
				1F28C792189CFB770083E2D5 /* HYDWalker.m in Sources */,
				1F1217C6188E615200B1CBD1 /* HYDFunctions.m in Sources */,
				1FD4F99218A3776600DA1AD3 /* HYDOptionalMapper.m in Sources */,
				1FD4F9B318A3776600DA1AD3 /* HYDReversedValueTransformerMapper.m in Sources */,
				31B738701E5C1FD1663E86ED /* HYDConstants.m in Sources */,
				31B73F5CAE5FD7BEC85F161C /* HYDURLFormatter.m in Sources */,
				1F28C7AF189E0E8F0083E2D5 /* HYDUUIDFormatter.m in Sources */,
				1FD4F9AD18A3776600DA1AD3 /* HYDIdentityMapper.m in Sources */,
				1FD4F99B18A3776600DA1AD3 /* HYDKeyValueMapper.m in Sources */,
				1FD4F9BF18A3776600DA1AD3 /* HYDPostProcessingMapper.m in Sources */,
				31B7351604487874CF2293DD /* HYDIrreversableValueTransformer.m in Sources */,
				1FD4F9A118A3776600DA1AD3 /* HYDNonFatalMapper.m in Sources */,
			);
			runOnlyForDeploymentPostprocessing = 0;
		};
		1F1E3F981803931D00801509 /* Sources */ = {
			isa = PBXSourcesBuildPhase;
			buildActionMask = 2147483647;
			files = (
				1FD4F9BD18A3776600DA1AD3 /* HYDBlockMapper.m in Sources */,
				1F12179F188CBE3500B1CBD1 /* HYDMapperCompositionSpec.mm in Sources */,
				1FD4F9B418A3776600DA1AD3 /* HYDReversedValueTransformerMapper.m in Sources */,
				1F1217C2188E41CA00B1CBD1 /* HYDError+Spec.m in Sources */,
				1F121788188C94BD00B1CBD1 /* HYDEnumMapperSpec.mm in Sources */,
				1F1E3FA81803931D00801509 /* main.m in Sources */,
				1FD4F9BA18A3776600DA1AD3 /* HYDValueTransformerMapper.m in Sources */,
				1F121792188C94BD00B1CBD1 /* HYDNonFatalMapperSpec.mm in Sources */,
				1FEC76551891B5DB003687EF /* HYDObjectFactory.m in Sources */,
				1F121796188C94BD00B1CBD1 /* HYDStringToNumberMapperSpec.mm in Sources */,
				1F205DBC18978EDA007F87AE /* HYDNotNullMapperSpec.mm in Sources */,
				1FD4F96818A36E9B00DA1AD3 /* HYDMappingOptionalArraysSpec.mm in Sources */,
				1FD4F9AB18A3776600DA1AD3 /* HYDEnumMapper.m in Sources */,
				1F12178A188C94BD00B1CBD1 /* HYDIdentityMapperSpec.mm in Sources */,
				1F28C7B3189E0ED10083E2D5 /* HYDUUIDFormatterSpec.mm in Sources */,
				1F1E3FBA1803966400801509 /* HYDPerson.m in Sources */,
				1FD4F9AE18A3776600DA1AD3 /* HYDIdentityMapper.m in Sources */,
				1F28C7B0189E0E8F0083E2D5 /* HYDUUIDFormatter.m in Sources */,
				1FD4F9C018A3776600DA1AD3 /* HYDPostProcessingMapper.m in Sources */,
				1FDAC11B18121F6900846B44 /* HYDClassInspector.m in Sources */,
				1FD4F99618A3776600DA1AD3 /* HYDCollectionMapper.m in Sources */,
				1FB0F6621883DCDD00120ABC /* HYDError.m in Sources */,
				1F1217B9188CC60000B1CBD1 /* HYDDotNetDateFormatterSpec.mm in Sources */,
				1F1217C7188E615200B1CBD1 /* HYDFunctions.m in Sources */,
				1F121794188C94BD00B1CBD1 /* HYDStringToDateMapperSpec.mm in Sources */,
				1F28C78D189CB1170083E2D5 /* HYDBlockMapperSpec.mm in Sources */,
				1F12178C188C94BD00B1CBD1 /* HYDKeyValueMapperSpec.mm in Sources */,
				1FD4F9A218A3776600DA1AD3 /* HYDNonFatalMapper.m in Sources */,
				1FDAC11E18121F6900846B44 /* HYDProperty.m in Sources */,
				1F1217BD188E351000B1CBD1 /* HYDCedarMatchers.mm in Sources */,
				1F12178E188C94BD00B1CBD1 /* HYDKeyValuePathMapperSpec.mm in Sources */,
				1F121784188C94BD00B1CBD1 /* HYDDateToStringMapperSpec.mm in Sources */,
				1FD4F95818A3220000DA1AD3 /* HYDPostProcessingMapperSpec.mm in Sources */,
				1F1217B5188CC5D700B1CBD1 /* HYDDotNetDateFormatter.m in Sources */,
				1F121798188C94BD00B1CBD1 /* HYDTypedMapperSpec.mm in Sources */,
				1F46F1C0188FBF5400E8D6ED /* HYDStringToURLMapperSpec.mm in Sources */,
				1F121782188C94BD00B1CBD1 /* HYDCollectionMapperSpec.mm in Sources */,
				1F12179B188C94FF00B1CBD1 /* HYDErrorSpec.mm in Sources */,
				1F28C793189CFB770083E2D5 /* HYDWalker.m in Sources */,
				1FEC764F1890FE20003687EF /* HYDSharedMapperExamplesSpec.mm in Sources */,
				1F121790188C94BD00B1CBD1 /* HYDNumberToStringMapperSpec.mm in Sources */,
				1FEC76431890FB5F003687EF /* HYDFakeFormatter.m in Sources */,
				1F12175D188B9BDF00B1CBD1 /* HYDFakeMapper.m in Sources */,
				1F1217DA188F88E600B1CBD1 /* HYDFirstMapperSpec.mm in Sources */,
				31B73F8036D2915A0FCB16FE /* HYDConstants.m in Sources */,
				1FD4F9A518A3776600DA1AD3 /* HYDNotNullMapper.m in Sources */,
				1FD4F96118A35DE500DA1AD3 /* HYDCollection.m in Sources */,
				31B73F18A407C987DABB5EE4 /* HYDStringToObjectFormatterMapperSpec.mm in Sources */,
				1FD4F9B118A3776600DA1AD3 /* HYDObjectToStringFormatterMapper.m in Sources */,
				1FD4F9A818A3776600DA1AD3 /* HYDTypedMapper.m in Sources */,
				31B73E65126BCC2DD8DDB853 /* HYDObjectToStringFormatterMapperSpec.mm in Sources */,
				1FD4F99918A3776600DA1AD3 /* HYDFirstMapper.m in Sources */,
				31B733BA614F174EAD9BE5C6 /* HYDURLFormatter.m in Sources */,
				1FD4F99F18A3776600DA1AD3 /* HYDKeyValuePathMapper.m in Sources */,
				1FD4F99C18A3776600DA1AD3 /* HYDKeyValueMapper.m in Sources */,
				31B7350EA1C028DB9854AB36 /* HYDURLFormatterSpec.mm in Sources */,
				31B738FC1F1D1DC0F67B883D /* HYDValueTransformerMapperSpec.mm in Sources */,
				31B73FFAC45B127F0F8A44D2 /* HYDReversedValueTransformerMapperSpec.mm in Sources */,
				31B73EAF742EB1A95997B8EE /* HYDIrreversableValueTransformer.m in Sources */,
				1FD4F9B718A3776600DA1AD3 /* HYDStringToObjectFormatterMapper.m in Sources */,
				31B73F3BF006004A1B8CED89 /* HYDStringToUUIDFormatterSpec.mm in Sources */,
				1FD4F99318A3776600DA1AD3 /* HYDOptionalMapper.m in Sources */,
				31B73610F7A8AAD335707601 /* HYDUUIDToStringFormatterSpec.mm in Sources */,
			);
			runOnlyForDeploymentPostprocessing = 0;
		};
		1F1E3FBD1804EC4E00801509 /* Sources */ = {
			isa = PBXSourcesBuildPhase;
			buildActionMask = 2147483647;
			files = (
				1FD4F9BE18A3776600DA1AD3 /* HYDBlockMapper.m in Sources */,
				1F1217A0188CBE3500B1CBD1 /* HYDMapperCompositionSpec.mm in Sources */,
				1FD4F9B518A3776600DA1AD3 /* HYDReversedValueTransformerMapper.m in Sources */,
				1F1217C3188E41CA00B1CBD1 /* HYDError+Spec.m in Sources */,
				1F121789188C94BD00B1CBD1 /* HYDEnumMapperSpec.mm in Sources */,
				1F1E3FC91804EC4F00801509 /* main.m in Sources */,
				1FD4F9BB18A3776600DA1AD3 /* HYDValueTransformerMapper.m in Sources */,
				1F121793188C94BD00B1CBD1 /* HYDNonFatalMapperSpec.mm in Sources */,
				1FEC76561891B5DB003687EF /* HYDObjectFactory.m in Sources */,
				1F121797188C94BD00B1CBD1 /* HYDStringToNumberMapperSpec.mm in Sources */,
				1FD4F96918A36E9B00DA1AD3 /* HYDMappingOptionalArraysSpec.mm in Sources */,
				1F205DBD18978EDA007F87AE /* HYDNotNullMapperSpec.mm in Sources */,
				1FD4F9AC18A3776600DA1AD3 /* HYDEnumMapper.m in Sources */,
				1F12178B188C94BD00B1CBD1 /* HYDIdentityMapperSpec.mm in Sources */,
				1F28C7B4189E0ED10083E2D5 /* HYDUUIDFormatterSpec.mm in Sources */,
				1F1E3FD01804EC5E00801509 /* HYDPerson.m in Sources */,
				1FD4F9AF18A3776600DA1AD3 /* HYDIdentityMapper.m in Sources */,
				1FD4F95918A3220000DA1AD3 /* HYDPostProcessingMapperSpec.mm in Sources */,
				1FD4F9C118A3776600DA1AD3 /* HYDPostProcessingMapper.m in Sources */,
				1F28C7B1189E0E8F0083E2D5 /* HYDUUIDFormatter.m in Sources */,
				1FD4F99718A3776600DA1AD3 /* HYDCollectionMapper.m in Sources */,
				1FDAC11C18121F6900846B44 /* HYDClassInspector.m in Sources */,
				1FB0F6631883DCDD00120ABC /* HYDError.m in Sources */,
				1F1217BA188CC60000B1CBD1 /* HYDDotNetDateFormatterSpec.mm in Sources */,
				1F1217C8188E615200B1CBD1 /* HYDFunctions.m in Sources */,
				1F121795188C94BD00B1CBD1 /* HYDStringToDateMapperSpec.mm in Sources */,
				1F28C78E189CB1170083E2D5 /* HYDBlockMapperSpec.mm in Sources */,
				1FD4F9A318A3776600DA1AD3 /* HYDNonFatalMapper.m in Sources */,
				1F12178D188C94BD00B1CBD1 /* HYDKeyValueMapperSpec.mm in Sources */,
				1FDAC11F18121F6900846B44 /* HYDProperty.m in Sources */,
				1F1217BE188E351000B1CBD1 /* HYDCedarMatchers.mm in Sources */,
				1F12178F188C94BD00B1CBD1 /* HYDKeyValuePathMapperSpec.mm in Sources */,
				1F121785188C94BD00B1CBD1 /* HYDDateToStringMapperSpec.mm in Sources */,
				1F1217B6188CC5D700B1CBD1 /* HYDDotNetDateFormatter.m in Sources */,
				1F121799188C94BD00B1CBD1 /* HYDTypedMapperSpec.mm in Sources */,
				1F46F1C1188FBF5400E8D6ED /* HYDStringToURLMapperSpec.mm in Sources */,
				1F121783188C94BD00B1CBD1 /* HYDCollectionMapperSpec.mm in Sources */,
				1F12179C188C94FF00B1CBD1 /* HYDErrorSpec.mm in Sources */,
				1F28C794189CFB770083E2D5 /* HYDWalker.m in Sources */,
				1FEC76501890FE20003687EF /* HYDSharedMapperExamplesSpec.mm in Sources */,
				1F121791188C94BD00B1CBD1 /* HYDNumberToStringMapperSpec.mm in Sources */,
				1FEC76441890FB5F003687EF /* HYDFakeFormatter.m in Sources */,
				1F12175E188B9BDF00B1CBD1 /* HYDFakeMapper.m in Sources */,
				1F1217DB188F88E600B1CBD1 /* HYDFirstMapperSpec.mm in Sources */,
				31B73C42F97D1858CFB959BD /* HYDConstants.m in Sources */,
				1FD4F9A618A3776600DA1AD3 /* HYDNotNullMapper.m in Sources */,
				1FD4F96218A35DE500DA1AD3 /* HYDCollection.m in Sources */,
				31B73ACC0EFBB8E7D6C6EC45 /* HYDStringToObjectFormatterMapperSpec.mm in Sources */,
				1FD4F9B218A3776600DA1AD3 /* HYDObjectToStringFormatterMapper.m in Sources */,
				1FD4F9A918A3776600DA1AD3 /* HYDTypedMapper.m in Sources */,
				31B73E6809C4B922F72D526B /* HYDObjectToStringFormatterMapperSpec.mm in Sources */,
				1FD4F99A18A3776600DA1AD3 /* HYDFirstMapper.m in Sources */,
				31B73418707EF4B3BF67E67E /* HYDURLFormatter.m in Sources */,
				1FD4F9A018A3776600DA1AD3 /* HYDKeyValuePathMapper.m in Sources */,
				1FD4F99D18A3776600DA1AD3 /* HYDKeyValueMapper.m in Sources */,
				31B73DED038ECF9405F2EECE /* HYDURLFormatterSpec.mm in Sources */,
				31B73C363F2E4A1BBD783486 /* HYDValueTransformerMapperSpec.mm in Sources */,
				31B736D5E413FD48D05CE79E /* HYDReversedValueTransformerMapperSpec.mm in Sources */,
				31B7333956F82193D35259C8 /* HYDIrreversableValueTransformer.m in Sources */,
				1FD4F9B818A3776600DA1AD3 /* HYDStringToObjectFormatterMapper.m in Sources */,
				31B7372E15999635BF45A990 /* HYDStringToUUIDFormatterSpec.mm in Sources */,
				1FD4F99418A3776600DA1AD3 /* HYDOptionalMapper.m in Sources */,
				31B73A49F9A6B077CD729F75 /* HYDUUIDToStringFormatterSpec.mm in Sources */,
			);
			runOnlyForDeploymentPostprocessing = 0;
		};
/* End PBXSourcesBuildPhase section */

/* Begin PBXTargetDependency section */
		1FA99480183B4920001E9F2E /* PBXTargetDependency */ = {
			isa = PBXTargetDependency;
			name = "Cedar-StaticLib";
			targetProxy = 1FA9947F183B4920001E9F2E /* PBXContainerItemProxy */;
		};
		1FA994CA183CA9F2001E9F2E /* PBXTargetDependency */ = {
			isa = PBXTargetDependency;
			name = Cedar;
			targetProxy = 1FA994C9183CA9F2001E9F2E /* PBXContainerItemProxy */;
		};
/* End PBXTargetDependency section */

/* Begin PBXVariantGroup section */
		1F1E3FA41803931D00801509 /* InfoPlist.strings */ = {
			isa = PBXVariantGroup;
			children = (
				1F1E3FA51803931D00801509 /* en */,
			);
			name = InfoPlist.strings;
			sourceTree = "<group>";
		};
/* End PBXVariantGroup section */

/* Begin XCBuildConfiguration section */
		1F1E3F90180392ED00801509 /* Debug */ = {
			isa = XCBuildConfiguration;
			buildSettings = {
				ALWAYS_SEARCH_USER_PATHS = NO;
				ARCHS = "$(ARCHS_STANDARD_INCLUDING_64_BIT)";
				CLANG_CXX_LANGUAGE_STANDARD = "gnu++0x";
				CLANG_CXX_LIBRARY = "libc++";
				CLANG_ENABLE_MODULES = YES;
				CLANG_ENABLE_OBJC_ARC = YES;
				CLANG_WARN_BOOL_CONVERSION = YES;
				CLANG_WARN_CONSTANT_CONVERSION = YES;
				CLANG_WARN_DIRECT_OBJC_ISA_USAGE = YES_ERROR;
				CLANG_WARN_EMPTY_BODY = YES;
				CLANG_WARN_ENUM_CONVERSION = YES;
				CLANG_WARN_INT_CONVERSION = YES;
				CLANG_WARN_OBJC_ROOT_CLASS = YES_ERROR;
				CLANG_WARN__DUPLICATE_METHOD_MATCH = YES;
				COPY_PHASE_STRIP = NO;
				GCC_C_LANGUAGE_STANDARD = gnu99;
				GCC_DYNAMIC_NO_PIC = NO;
				GCC_OPTIMIZATION_LEVEL = 0;
				GCC_PREPROCESSOR_DEFINITIONS = (
					"DEBUG=1",
					"$(inherited)",
				);
				GCC_SYMBOLS_PRIVATE_EXTERN = NO;
				GCC_TREAT_WARNINGS_AS_ERRORS = YES;
				GCC_WARN_64_TO_32_BIT_CONVERSION = YES;
				GCC_WARN_ABOUT_MISSING_NEWLINE = YES;
				GCC_WARN_ABOUT_RETURN_TYPE = YES_ERROR;
				GCC_WARN_SHADOW = YES;
				GCC_WARN_UNDECLARED_SELECTOR = YES;
				GCC_WARN_UNINITIALIZED_AUTOS = YES;
				GCC_WARN_UNUSED_FUNCTION = YES;
				GCC_WARN_UNUSED_VARIABLE = YES;
				IPHONEOS_DEPLOYMENT_TARGET = 7.0;
				MACOSX_DEPLOYMENT_TARGET = 10.8;
				ONLY_ACTIVE_ARCH = YES;
				SDKROOT = iphoneos;
			};
			name = Debug;
		};
		1F1E3F91180392ED00801509 /* Release */ = {
			isa = XCBuildConfiguration;
			buildSettings = {
				ALWAYS_SEARCH_USER_PATHS = NO;
				ARCHS = "$(ARCHS_STANDARD_INCLUDING_64_BIT)";
				CLANG_CXX_LANGUAGE_STANDARD = "gnu++0x";
				CLANG_CXX_LIBRARY = "libc++";
				CLANG_ENABLE_MODULES = YES;
				CLANG_ENABLE_OBJC_ARC = YES;
				CLANG_WARN_BOOL_CONVERSION = YES;
				CLANG_WARN_CONSTANT_CONVERSION = YES;
				CLANG_WARN_DIRECT_OBJC_ISA_USAGE = YES_ERROR;
				CLANG_WARN_EMPTY_BODY = YES;
				CLANG_WARN_ENUM_CONVERSION = YES;
				CLANG_WARN_INT_CONVERSION = YES;
				CLANG_WARN_OBJC_ROOT_CLASS = YES_ERROR;
				CLANG_WARN__DUPLICATE_METHOD_MATCH = YES;
				COPY_PHASE_STRIP = YES;
				ENABLE_NS_ASSERTIONS = NO;
				GCC_C_LANGUAGE_STANDARD = gnu99;
				GCC_TREAT_WARNINGS_AS_ERRORS = YES;
				GCC_WARN_64_TO_32_BIT_CONVERSION = YES;
				GCC_WARN_ABOUT_MISSING_NEWLINE = YES;
				GCC_WARN_ABOUT_RETURN_TYPE = YES_ERROR;
				GCC_WARN_SHADOW = YES;
				GCC_WARN_UNDECLARED_SELECTOR = YES;
				GCC_WARN_UNINITIALIZED_AUTOS = YES;
				GCC_WARN_UNUSED_FUNCTION = YES;
				GCC_WARN_UNUSED_VARIABLE = YES;
				IPHONEOS_DEPLOYMENT_TARGET = 7.0;
				MACOSX_DEPLOYMENT_TARGET = 10.8;
				SDKROOT = iphoneos;
				VALIDATE_PRODUCT = YES;
			};
			name = Release;
		};
		1F1E3F93180392ED00801509 /* Debug */ = {
			isa = XCBuildConfiguration;
			buildSettings = {
				CURRENT_PROJECT_VERSION = 1.0.0;
				DSTROOT = /tmp/Hydrant.dst;
				GCC_PRECOMPILE_PREFIX_HEADER = YES;
				GCC_PREFIX_HEADER = "Hydrant/Hydrant-Prefix.pch";
				OTHER_LDFLAGS = "-ObjC";
				PRODUCT_NAME = Hydrant;
				SKIP_INSTALL = YES;
				VERSIONING_SYSTEM = "apple-generic";
			};
			name = Debug;
		};
		1F1E3F94180392ED00801509 /* Release */ = {
			isa = XCBuildConfiguration;
			buildSettings = {
				CURRENT_PROJECT_VERSION = 1.0.0;
				DSTROOT = /tmp/Hydrant.dst;
				GCC_PRECOMPILE_PREFIX_HEADER = YES;
				GCC_PREFIX_HEADER = "Hydrant/Hydrant-Prefix.pch";
				OTHER_LDFLAGS = "-ObjC";
				PRODUCT_NAME = Hydrant;
				SKIP_INSTALL = YES;
				VERSIONING_SYSTEM = "apple-generic";
			};
			name = Release;
		};
		1F1E3FB01803931D00801509 /* Debug */ = {
			isa = XCBuildConfiguration;
			buildSettings = {
				ARCHS = "$(ARCHS_STANDARD)";
				"CODE_SIGN_IDENTITY[sdk=iphoneos*]" = "iPhone Developer";
				FRAMEWORK_SEARCH_PATHS = (
					"$(inherited)",
					"$(DEVELOPER_FRAMEWORKS_DIR)",
				);
				GCC_PRECOMPILE_PREFIX_HEADER = YES;
				GCC_PREFIX_HEADER = "Specs/Specs-Prefix.pch";
				GCC_PREPROCESSOR_DEFINITIONS = (
					"CEDAR_CUSTOM_MATCHERS=\\\"HYDCedarMatchers.h\\\"",
					"$(inherited)",
				);
				HEADER_SEARCH_PATHS = (
					"$(inherited)",
					/Applications/Xcode.app/Contents/Developer/Toolchains/XcodeDefault.xctoolchain/usr/include,
					"$(SRCROOT)/Externals/cedar/Source/Headers/**",
				);
				INFOPLIST_FILE = "Specs/Specs-Info.plist";
				IPHONEOS_DEPLOYMENT_TARGET = 6.0;
				OTHER_LDFLAGS = (
					"-ObjC",
					"-all_load",
					"-lstdc++",
				);
				PRODUCT_NAME = "$(TARGET_NAME)";
				WRAPPER_EXTENSION = app;
			};
			name = Debug;
		};
		1F1E3FB11803931D00801509 /* Release */ = {
			isa = XCBuildConfiguration;
			buildSettings = {
				ARCHS = "$(ARCHS_STANDARD)";
				"CODE_SIGN_IDENTITY[sdk=iphoneos*]" = "iPhone Developer";
				FRAMEWORK_SEARCH_PATHS = (
					"$(inherited)",
					"$(DEVELOPER_FRAMEWORKS_DIR)",
				);
				GCC_PRECOMPILE_PREFIX_HEADER = YES;
				GCC_PREFIX_HEADER = "Specs/Specs-Prefix.pch";
				GCC_PREPROCESSOR_DEFINITIONS = "CEDAR_CUSTOM_MATCHERS=\\\"HYDCedarMatchers.h\\\"";
				HEADER_SEARCH_PATHS = (
					"$(inherited)",
					/Applications/Xcode.app/Contents/Developer/Toolchains/XcodeDefault.xctoolchain/usr/include,
					"$(SRCROOT)/Externals/cedar/Source/Headers/**",
				);
				INFOPLIST_FILE = "Specs/Specs-Info.plist";
				IPHONEOS_DEPLOYMENT_TARGET = 6.0;
				OTHER_CFLAGS = "-DNS_BLOCK_ASSERTIONS=1";
				OTHER_LDFLAGS = (
					"-ObjC",
					"-all_load",
					"-lstdc++",
				);
				PRODUCT_NAME = "$(TARGET_NAME)";
				WRAPPER_EXTENSION = app;
			};
			name = Release;
		};
		1F1E3FCD1804EC4F00801509 /* Debug */ = {
			isa = XCBuildConfiguration;
			buildSettings = {
				FRAMEWORK_SEARCH_PATHS = "$(inherited)";
				GCC_ENABLE_OBJC_EXCEPTIONS = YES;
				GCC_PRECOMPILE_PREFIX_HEADER = YES;
				GCC_PREFIX_HEADER = "OSXSpecs/OSXSpecs-Prefix.pch";
				GCC_PREPROCESSOR_DEFINITIONS = (
					"CEDAR_CUSTOM_MATCHERS=\\\"HYDCedarMatchers.h\\\"",
					"$(inherited)",
				);
				HEADER_SEARCH_PATHS = (
					"$(inherited)",
					/Applications/Xcode.app/Contents/Developer/Toolchains/XcodeDefault.xctoolchain/usr/include,
					"$(SRCROOT)/Externals/cedar/Source/Headers/**",
				);
				MACOSX_DEPLOYMENT_TARGET = 10.8;
				PRODUCT_NAME = "$(TARGET_NAME)";
				SDKROOT = macosx;
			};
			name = Debug;
		};
		1F1E3FCE1804EC4F00801509 /* Release */ = {
			isa = XCBuildConfiguration;
			buildSettings = {
				DEBUG_INFORMATION_FORMAT = "dwarf-with-dsym";
				FRAMEWORK_SEARCH_PATHS = "$(inherited)";
				GCC_ENABLE_OBJC_EXCEPTIONS = YES;
				GCC_PRECOMPILE_PREFIX_HEADER = YES;
				GCC_PREFIX_HEADER = "OSXSpecs/OSXSpecs-Prefix.pch";
				GCC_PREPROCESSOR_DEFINITIONS = "CEDAR_CUSTOM_MATCHERS=\\\"HYDCedarMatchers.h\\\"";
				HEADER_SEARCH_PATHS = (
					"$(inherited)",
					/Applications/Xcode.app/Contents/Developer/Toolchains/XcodeDefault.xctoolchain/usr/include,
					"$(SRCROOT)/Externals/cedar/Source/Headers/**",
				);
				MACOSX_DEPLOYMENT_TARGET = 10.8;
				PRODUCT_NAME = "$(TARGET_NAME)";
				SDKROOT = macosx;
			};
			name = Release;
		};
/* End XCBuildConfiguration section */

/* Begin XCConfigurationList section */
		1F1E3F6A180392ED00801509 /* Build configuration list for PBXProject "Hydrant" */ = {
			isa = XCConfigurationList;
			buildConfigurations = (
				1F1E3F90180392ED00801509 /* Debug */,
				1F1E3F91180392ED00801509 /* Release */,
			);
			defaultConfigurationIsVisible = 0;
			defaultConfigurationName = Release;
		};
		1F1E3F92180392ED00801509 /* Build configuration list for PBXNativeTarget "Hydrant" */ = {
			isa = XCConfigurationList;
			buildConfigurations = (
				1F1E3F93180392ED00801509 /* Debug */,
				1F1E3F94180392ED00801509 /* Release */,
			);
			defaultConfigurationIsVisible = 0;
			defaultConfigurationName = Release;
		};
		1F1E3FAF1803931D00801509 /* Build configuration list for PBXNativeTarget "Specs" */ = {
			isa = XCConfigurationList;
			buildConfigurations = (
				1F1E3FB01803931D00801509 /* Debug */,
				1F1E3FB11803931D00801509 /* Release */,
			);
			defaultConfigurationIsVisible = 0;
			defaultConfigurationName = Release;
		};
		1F1E3FCC1804EC4F00801509 /* Build configuration list for PBXNativeTarget "OSXSpecs" */ = {
			isa = XCConfigurationList;
			buildConfigurations = (
				1F1E3FCD1804EC4F00801509 /* Debug */,
				1F1E3FCE1804EC4F00801509 /* Release */,
			);
			defaultConfigurationIsVisible = 0;
			defaultConfigurationName = Release;
		};
/* End XCConfigurationList section */
	};
	rootObject = 1F1E3F67180392ED00801509 /* Project object */;
}
